// !$*UTF8*$!
{
	archiveVersion = 1;
	classes = {
	};
	objectVersion = 55;
	objects = {

/* Begin PBXBuildFile section */
		E05D95DA2827ACF4007F2ACA /* AppDelegate.swift in Sources */ = {isa = PBXBuildFile; fileRef = E05D95D92827ACF4007F2ACA /* AppDelegate.swift */; };
		E05D95DC2827ACF4007F2ACA /* SceneDelegate.swift in Sources */ = {isa = PBXBuildFile; fileRef = E05D95DB2827ACF4007F2ACA /* SceneDelegate.swift */; };
		E05D95DE2827ACF4007F2ACA /* MainViewController.swift in Sources */ = {isa = PBXBuildFile; fileRef = E05D95DD2827ACF4007F2ACA /* MainViewController.swift */; };
		E05D95E12827ACF4007F2ACA /* Main.storyboard in Resources */ = {isa = PBXBuildFile; fileRef = E05D95DF2827ACF4007F2ACA /* Main.storyboard */; };
		E05D95E32827ACF5007F2ACA /* Assets.xcassets in Resources */ = {isa = PBXBuildFile; fileRef = E05D95E22827ACF5007F2ACA /* Assets.xcassets */; };
		E05D95E62827ACF5007F2ACA /* LaunchScreen.storyboard in Resources */ = {isa = PBXBuildFile; fileRef = E05D95E42827ACF5007F2ACA /* LaunchScreen.storyboard */; };
		E05D95F12827ACF6007F2ACA /* SlothTests.swift in Sources */ = {isa = PBXBuildFile; fileRef = E05D95F02827ACF6007F2ACA /* SlothTests.swift */; };
		E05D960B2827B1BC007F2ACA /* Icons.swift in Sources */ = {isa = PBXBuildFile; fileRef = E05D960A2827B1BC007F2ACA /* Icons.swift */; };
		E05D960D2827B5CC007F2ACA /* ColorPalette.swift in Sources */ = {isa = PBXBuildFile; fileRef = E05D960C2827B5CC007F2ACA /* ColorPalette.swift */; };
		E05D96102827CA07007F2ACA /* DependencyContainer.swift in Sources */ = {isa = PBXBuildFile; fileRef = E05D960F2827CA07007F2ACA /* DependencyContainer.swift */; };
		E05D96132827CA4B007F2ACA /* Coordinator.swift in Sources */ = {isa = PBXBuildFile; fileRef = E05D96122827CA4B007F2ACA /* Coordinator.swift */; };
		E05D96162827CA58007F2ACA /* Router.swift in Sources */ = {isa = PBXBuildFile; fileRef = E05D96152827CA58007F2ACA /* Router.swift */; };
		E05D96202827CAC1007F2ACA /* NavigationRouter.swift in Sources */ = {isa = PBXBuildFile; fileRef = E05D961D2827CAC0007F2ACA /* NavigationRouter.swift */; };
		E05D96222827CAC1007F2ACA /* InitNavRouter.swift in Sources */ = {isa = PBXBuildFile; fileRef = E05D961F2827CAC0007F2ACA /* InitNavRouter.swift */; };
		E05D96242827CB4A007F2ACA /* MainViewCoordinator.swift in Sources */ = {isa = PBXBuildFile; fileRef = E05D96232827CB4A007F2ACA /* MainViewCoordinator.swift */; };
		E05D962B2827CE0A007F2ACA /* TodayViewController.swift in Sources */ = {isa = PBXBuildFile; fileRef = E05D962A2827CE0A007F2ACA /* TodayViewController.swift */; };
		E05D962E2827CEC1007F2ACA /* SnapKit in Frameworks */ = {isa = PBXBuildFile; productRef = E05D962D2827CEC1007F2ACA /* SnapKit */; };
		E05D96302827D006007F2ACA /* TodayViewNavigatorDelegate.swift in Sources */ = {isa = PBXBuildFile; fileRef = E05D962F2827D006007F2ACA /* TodayViewNavigatorDelegate.swift */; };
		E05D96322827D057007F2ACA /* MainViewNavigator.swift in Sources */ = {isa = PBXBuildFile; fileRef = E05D96312827D057007F2ACA /* MainViewNavigator.swift */; };
		E05D96342827D20F007F2ACA /* MyPageViewController.swift in Sources */ = {isa = PBXBuildFile; fileRef = E05D96332827D20F007F2ACA /* MyPageViewController.swift */; };
		E05D96362827D234007F2ACA /* MyPageCoordinator.swift in Sources */ = {isa = PBXBuildFile; fileRef = E05D96352827D234007F2ACA /* MyPageCoordinator.swift */; };
		E0860908282BD7560050E7C6 /* RegisterLectureViewController.swift in Sources */ = {isa = PBXBuildFile; fileRef = E0860907282BD7560050E7C6 /* RegisterLectureViewController.swift */; };
		E086090B282BD87F0050E7C6 /* TitleTextField.swift in Sources */ = {isa = PBXBuildFile; fileRef = E086090A282BD87E0050E7C6 /* TitleTextField.swift */; };
		E086090F282D429E0050E7C6 /* RegisterLectureCoordinator.swift in Sources */ = {isa = PBXBuildFile; fileRef = E086090E282D429E0050E7C6 /* RegisterLectureCoordinator.swift */; };
		E0860911282D4A070050E7C6 /* ConfirmButton.swift in Sources */ = {isa = PBXBuildFile; fileRef = E0860910282D4A070050E7C6 /* ConfirmButton.swift */; };
		E0860913282D4C8C0050E7C6 /* CancelButton.swift in Sources */ = {isa = PBXBuildFile; fileRef = E0860912282D4C8C0050E7C6 /* CancelButton.swift */; };
		E08609152830AAF00050E7C6 /* RegisterLectureViewModel.swift in Sources */ = {isa = PBXBuildFile; fileRef = E08609142830AAF00050E7C6 /* RegisterLectureViewModel.swift */; };
		E08609182830AE180050E7C6 /* LectureCategory.swift in Sources */ = {isa = PBXBuildFile; fileRef = E08609172830AE180050E7C6 /* LectureCategory.swift */; };
		E086091A2830AE940050E7C6 /* LectureSite.swift in Sources */ = {isa = PBXBuildFile; fileRef = E08609192830AE940050E7C6 /* LectureSite.swift */; };
/* End PBXBuildFile section */

/* Begin PBXContainerItemProxy section */
		E05D95ED2827ACF6007F2ACA /* PBXContainerItemProxy */ = {
			isa = PBXContainerItemProxy;
			containerPortal = E05D95CE2827ACF4007F2ACA /* Project object */;
			proxyType = 1;
			remoteGlobalIDString = E05D95D52827ACF4007F2ACA;
			remoteInfo = Sloth;
		};
		E05D95F72827ACF6007F2ACA /* PBXContainerItemProxy */ = {
			isa = PBXContainerItemProxy;
			containerPortal = E05D95CE2827ACF4007F2ACA /* Project object */;
			proxyType = 1;
			remoteGlobalIDString = E05D95D52827ACF4007F2ACA;
			remoteInfo = Sloth;
		};
/* End PBXContainerItemProxy section */

/* Begin PBXFileReference section */
		E05D95D62827ACF4007F2ACA /* Sloth.app */ = {isa = PBXFileReference; explicitFileType = wrapper.application; includeInIndex = 0; path = Sloth.app; sourceTree = BUILT_PRODUCTS_DIR; };
		E05D95D92827ACF4007F2ACA /* AppDelegate.swift */ = {isa = PBXFileReference; lastKnownFileType = sourcecode.swift; path = AppDelegate.swift; sourceTree = "<group>"; };
		E05D95DB2827ACF4007F2ACA /* SceneDelegate.swift */ = {isa = PBXFileReference; lastKnownFileType = sourcecode.swift; path = SceneDelegate.swift; sourceTree = "<group>"; };
		E05D95DD2827ACF4007F2ACA /* MainViewController.swift */ = {isa = PBXFileReference; lastKnownFileType = sourcecode.swift; path = MainViewController.swift; sourceTree = "<group>"; };
		E05D95E02827ACF4007F2ACA /* Base */ = {isa = PBXFileReference; lastKnownFileType = file.storyboard; name = Base; path = Base.lproj/Main.storyboard; sourceTree = "<group>"; };
		E05D95E22827ACF5007F2ACA /* Assets.xcassets */ = {isa = PBXFileReference; lastKnownFileType = folder.assetcatalog; path = Assets.xcassets; sourceTree = "<group>"; };
		E05D95E52827ACF5007F2ACA /* Base */ = {isa = PBXFileReference; lastKnownFileType = file.storyboard; name = Base; path = Base.lproj/LaunchScreen.storyboard; sourceTree = "<group>"; };
		E05D95E72827ACF5007F2ACA /* Info.plist */ = {isa = PBXFileReference; lastKnownFileType = text.plist.xml; path = Info.plist; sourceTree = "<group>"; };
		E05D95EC2827ACF6007F2ACA /* SlothTests.xctest */ = {isa = PBXFileReference; explicitFileType = wrapper.cfbundle; includeInIndex = 0; path = SlothTests.xctest; sourceTree = BUILT_PRODUCTS_DIR; };
		E05D95F02827ACF6007F2ACA /* SlothTests.swift */ = {isa = PBXFileReference; lastKnownFileType = sourcecode.swift; path = SlothTests.swift; sourceTree = "<group>"; };
		E05D95F62827ACF6007F2ACA /* SlothUITests.xctest */ = {isa = PBXFileReference; explicitFileType = wrapper.cfbundle; includeInIndex = 0; path = SlothUITests.xctest; sourceTree = BUILT_PRODUCTS_DIR; };
		E05D960A2827B1BC007F2ACA /* Icons.swift */ = {isa = PBXFileReference; lastKnownFileType = sourcecode.swift; path = Icons.swift; sourceTree = "<group>"; };
		E05D960C2827B5CC007F2ACA /* ColorPalette.swift */ = {isa = PBXFileReference; lastKnownFileType = sourcecode.swift; path = ColorPalette.swift; sourceTree = "<group>"; };
		E05D960F2827CA07007F2ACA /* DependencyContainer.swift */ = {isa = PBXFileReference; lastKnownFileType = sourcecode.swift; path = DependencyContainer.swift; sourceTree = "<group>"; };
		E05D96122827CA4B007F2ACA /* Coordinator.swift */ = {isa = PBXFileReference; lastKnownFileType = sourcecode.swift; path = Coordinator.swift; sourceTree = "<group>"; };
		E05D96152827CA58007F2ACA /* Router.swift */ = {isa = PBXFileReference; lastKnownFileType = sourcecode.swift; path = Router.swift; sourceTree = "<group>"; };
		E05D961D2827CAC0007F2ACA /* NavigationRouter.swift */ = {isa = PBXFileReference; fileEncoding = 4; lastKnownFileType = sourcecode.swift; path = NavigationRouter.swift; sourceTree = "<group>"; };
		E05D961F2827CAC0007F2ACA /* InitNavRouter.swift */ = {isa = PBXFileReference; fileEncoding = 4; lastKnownFileType = sourcecode.swift; path = InitNavRouter.swift; sourceTree = "<group>"; };
		E05D96232827CB4A007F2ACA /* MainViewCoordinator.swift */ = {isa = PBXFileReference; lastKnownFileType = sourcecode.swift; path = MainViewCoordinator.swift; sourceTree = "<group>"; };
		E05D962A2827CE0A007F2ACA /* TodayViewController.swift */ = {isa = PBXFileReference; lastKnownFileType = sourcecode.swift; path = TodayViewController.swift; sourceTree = "<group>"; };
		E05D962F2827D006007F2ACA /* TodayViewNavigatorDelegate.swift */ = {isa = PBXFileReference; lastKnownFileType = sourcecode.swift; path = TodayViewNavigatorDelegate.swift; sourceTree = "<group>"; };
		E05D96312827D057007F2ACA /* MainViewNavigator.swift */ = {isa = PBXFileReference; lastKnownFileType = sourcecode.swift; path = MainViewNavigator.swift; sourceTree = "<group>"; };
		E05D96332827D20F007F2ACA /* MyPageViewController.swift */ = {isa = PBXFileReference; lastKnownFileType = sourcecode.swift; path = MyPageViewController.swift; sourceTree = "<group>"; };
		E05D96352827D234007F2ACA /* MyPageCoordinator.swift */ = {isa = PBXFileReference; lastKnownFileType = sourcecode.swift; path = MyPageCoordinator.swift; sourceTree = "<group>"; };
		E0860907282BD7560050E7C6 /* RegisterLectureViewController.swift */ = {isa = PBXFileReference; lastKnownFileType = sourcecode.swift; path = RegisterLectureViewController.swift; sourceTree = "<group>"; };
		E086090A282BD87E0050E7C6 /* TitleTextField.swift */ = {isa = PBXFileReference; lastKnownFileType = sourcecode.swift; path = TitleTextField.swift; sourceTree = "<group>"; };
		E086090E282D429E0050E7C6 /* RegisterLectureCoordinator.swift */ = {isa = PBXFileReference; lastKnownFileType = sourcecode.swift; path = RegisterLectureCoordinator.swift; sourceTree = "<group>"; };
		E0860910282D4A070050E7C6 /* ConfirmButton.swift */ = {isa = PBXFileReference; lastKnownFileType = sourcecode.swift; path = ConfirmButton.swift; sourceTree = "<group>"; };
		E0860912282D4C8C0050E7C6 /* CancelButton.swift */ = {isa = PBXFileReference; lastKnownFileType = sourcecode.swift; path = CancelButton.swift; sourceTree = "<group>"; };
		E08609142830AAF00050E7C6 /* RegisterLectureViewModel.swift */ = {isa = PBXFileReference; lastKnownFileType = sourcecode.swift; path = RegisterLectureViewModel.swift; sourceTree = "<group>"; };
		E08609172830AE180050E7C6 /* LectureCategory.swift */ = {isa = PBXFileReference; lastKnownFileType = sourcecode.swift; path = LectureCategory.swift; sourceTree = "<group>"; };
		E08609192830AE940050E7C6 /* LectureSite.swift */ = {isa = PBXFileReference; lastKnownFileType = sourcecode.swift; path = LectureSite.swift; sourceTree = "<group>"; };
/* End PBXFileReference section */

/* Begin PBXFrameworksBuildPhase section */
		E05D95D32827ACF4007F2ACA /* Frameworks */ = {
			isa = PBXFrameworksBuildPhase;
			buildActionMask = 2147483647;
			files = (
				E05D962E2827CEC1007F2ACA /* SnapKit in Frameworks */,
			);
			runOnlyForDeploymentPostprocessing = 0;
		};
		E05D95E92827ACF6007F2ACA /* Frameworks */ = {
			isa = PBXFrameworksBuildPhase;
			buildActionMask = 2147483647;
			files = (
			);
			runOnlyForDeploymentPostprocessing = 0;
		};
		E05D95F32827ACF6007F2ACA /* Frameworks */ = {
			isa = PBXFrameworksBuildPhase;
			buildActionMask = 2147483647;
			files = (
			);
			runOnlyForDeploymentPostprocessing = 0;
		};
/* End PBXFrameworksBuildPhase section */

/* Begin PBXGroup section */
		E05D95CD2827ACF4007F2ACA = {
			isa = PBXGroup;
			children = (
				E05D95D82827ACF4007F2ACA /* Sloth */,
				E05D95EF2827ACF6007F2ACA /* SlothTests */,
				E05D95D72827ACF4007F2ACA /* Products */,
			);
			sourceTree = "<group>";
		};
		E05D95D72827ACF4007F2ACA /* Products */ = {
			isa = PBXGroup;
			children = (
				E05D95D62827ACF4007F2ACA /* Sloth.app */,
				E05D95EC2827ACF6007F2ACA /* SlothTests.xctest */,
				E05D95F62827ACF6007F2ACA /* SlothUITests.xctest */,
			);
			name = Products;
			sourceTree = "<group>";
		};
		E05D95D82827ACF4007F2ACA /* Sloth */ = {
			isa = PBXGroup;
			children = (
				E0860906282BD7200050E7C6 /* RegisterLectureView */,
				E05D96292827CDF6007F2ACA /* LectureListView */,
				E05D96282827CDF1007F2ACA /* MyPageView */,
				E05D96272827CDE6007F2ACA /* TodayView */,
				E05D96252827CD7F007F2ACA /* MainView */,
				E05D96112827CA24007F2ACA /* Coordinator */,
				E05D960E2827C9D8007F2ACA /* Dependency */,
				E05D96092827B1B5007F2ACA /* Common */,
				E05D95D92827ACF4007F2ACA /* AppDelegate.swift */,
				E05D95DB2827ACF4007F2ACA /* SceneDelegate.swift */,
				E05D95DF2827ACF4007F2ACA /* Main.storyboard */,
				E05D95E22827ACF5007F2ACA /* Assets.xcassets */,
				E05D95E42827ACF5007F2ACA /* LaunchScreen.storyboard */,
				E05D95E72827ACF5007F2ACA /* Info.plist */,
			);
			path = Sloth;
			sourceTree = "<group>";
		};
		E05D95EF2827ACF6007F2ACA /* SlothTests */ = {
			isa = PBXGroup;
			children = (
				E05D95F02827ACF6007F2ACA /* SlothTests.swift */,
			);
			path = SlothTests;
			sourceTree = "<group>";
		};
		E05D96092827B1B5007F2ACA /* Common */ = {
			isa = PBXGroup;
			children = (
				E086090A282BD87E0050E7C6 /* TitleTextField.swift */,
				E0860910282D4A070050E7C6 /* ConfirmButton.swift */,
				E0860912282D4C8C0050E7C6 /* CancelButton.swift */,
				E05D960A2827B1BC007F2ACA /* Icons.swift */,
				E05D960C2827B5CC007F2ACA /* ColorPalette.swift */,
			);
			path = Common;
			sourceTree = "<group>";
		};
		E05D960E2827C9D8007F2ACA /* Dependency */ = {
			isa = PBXGroup;
			children = (
				E05D960F2827CA07007F2ACA /* DependencyContainer.swift */,
			);
			path = Dependency;
			sourceTree = "<group>";
		};
		E05D96112827CA24007F2ACA /* Coordinator */ = {
			isa = PBXGroup;
			children = (
				E05D96142827CA54007F2ACA /* Router */,
				E05D96122827CA4B007F2ACA /* Coordinator.swift */,
				E05D96232827CB4A007F2ACA /* MainViewCoordinator.swift */,
				E05D96352827D234007F2ACA /* MyPageCoordinator.swift */,
				E086090E282D429E0050E7C6 /* RegisterLectureCoordinator.swift */,
			);
			path = Coordinator;
			sourceTree = "<group>";
		};
		E05D96142827CA54007F2ACA /* Router */ = {
			isa = PBXGroup;
			children = (
				E05D961F2827CAC0007F2ACA /* InitNavRouter.swift */,
				E05D961D2827CAC0007F2ACA /* NavigationRouter.swift */,
				E05D96152827CA58007F2ACA /* Router.swift */,
			);
			path = Router;
			sourceTree = "<group>";
		};
		E05D96252827CD7F007F2ACA /* MainView */ = {
			isa = PBXGroup;
			children = (
				E05D95DD2827ACF4007F2ACA /* MainViewController.swift */,
				E05D96312827D057007F2ACA /* MainViewNavigator.swift */,
			);
			path = MainView;
			sourceTree = "<group>";
		};
		E05D96272827CDE6007F2ACA /* TodayView */ = {
			isa = PBXGroup;
			children = (
				E05D962A2827CE0A007F2ACA /* TodayViewController.swift */,
				E05D962F2827D006007F2ACA /* TodayViewNavigatorDelegate.swift */,
			);
			path = TodayView;
			sourceTree = "<group>";
		};
		E05D96282827CDF1007F2ACA /* MyPageView */ = {
			isa = PBXGroup;
			children = (
				E05D96332827D20F007F2ACA /* MyPageViewController.swift */,
			);
			path = MyPageView;
			sourceTree = "<group>";
		};
		E05D96292827CDF6007F2ACA /* LectureListView */ = {
			isa = PBXGroup;
			children = (
			);
			path = LectureListView;
			sourceTree = "<group>";
		};
		E0860906282BD7200050E7C6 /* RegisterLectureView */ = {
			isa = PBXGroup;
			children = (
				E08609162830AE0A0050E7C6 /* Model */,
				E0860907282BD7560050E7C6 /* RegisterLectureViewController.swift */,
				E08609142830AAF00050E7C6 /* RegisterLectureViewModel.swift */,
			);
			path = RegisterLectureView;
			sourceTree = "<group>";
		};
		E08609162830AE0A0050E7C6 /* Model */ = {
			isa = PBXGroup;
			children = (
				E08609172830AE180050E7C6 /* LectureCategory.swift */,
				E08609192830AE940050E7C6 /* LectureSite.swift */,
			);
			path = Model;
			sourceTree = "<group>";
		};
/* End PBXGroup section */

/* Begin PBXNativeTarget section */
		E05D95D52827ACF4007F2ACA /* Sloth */ = {
			isa = PBXNativeTarget;
			buildConfigurationList = E05D96002827ACF6007F2ACA /* Build configuration list for PBXNativeTarget "Sloth" */;
			buildPhases = (
				E05D95D22827ACF4007F2ACA /* Sources */,
				E05D95D32827ACF4007F2ACA /* Frameworks */,
				E05D95D42827ACF4007F2ACA /* Resources */,
			);
			buildRules = (
			);
			dependencies = (
			);
			name = Sloth;
			packageProductDependencies = (
				E05D962D2827CEC1007F2ACA /* SnapKit */,
			);
			productName = Sloth;
			productReference = E05D95D62827ACF4007F2ACA /* Sloth.app */;
			productType = "com.apple.product-type.application";
		};
		E05D95EB2827ACF6007F2ACA /* SlothTests */ = {
			isa = PBXNativeTarget;
			buildConfigurationList = E05D96032827ACF6007F2ACA /* Build configuration list for PBXNativeTarget "SlothTests" */;
			buildPhases = (
				E05D95E82827ACF6007F2ACA /* Sources */,
				E05D95E92827ACF6007F2ACA /* Frameworks */,
				E05D95EA2827ACF6007F2ACA /* Resources */,
			);
			buildRules = (
			);
			dependencies = (
				E05D95EE2827ACF6007F2ACA /* PBXTargetDependency */,
			);
			name = SlothTests;
			productName = SlothTests;
			productReference = E05D95EC2827ACF6007F2ACA /* SlothTests.xctest */;
			productType = "com.apple.product-type.bundle.unit-test";
		};
		E05D95F52827ACF6007F2ACA /* SlothUITests */ = {
			isa = PBXNativeTarget;
			buildConfigurationList = E05D96062827ACF6007F2ACA /* Build configuration list for PBXNativeTarget "SlothUITests" */;
			buildPhases = (
				E05D95F22827ACF6007F2ACA /* Sources */,
				E05D95F32827ACF6007F2ACA /* Frameworks */,
				E05D95F42827ACF6007F2ACA /* Resources */,
			);
			buildRules = (
			);
			dependencies = (
				E05D95F82827ACF6007F2ACA /* PBXTargetDependency */,
			);
			name = SlothUITests;
			productName = SlothUITests;
			productReference = E05D95F62827ACF6007F2ACA /* SlothUITests.xctest */;
			productType = "com.apple.product-type.bundle.ui-testing";
		};
/* End PBXNativeTarget section */

/* Begin PBXProject section */
		E05D95CE2827ACF4007F2ACA /* Project object */ = {
			isa = PBXProject;
			attributes = {
				BuildIndependentTargetsInParallel = 1;
				LastSwiftUpdateCheck = 1330;
				LastUpgradeCheck = 1330;
				TargetAttributes = {
					E05D95D52827ACF4007F2ACA = {
						CreatedOnToolsVersion = 13.3;
					};
					E05D95EB2827ACF6007F2ACA = {
						CreatedOnToolsVersion = 13.3;
						TestTargetID = E05D95D52827ACF4007F2ACA;
					};
					E05D95F52827ACF6007F2ACA = {
						CreatedOnToolsVersion = 13.3;
						TestTargetID = E05D95D52827ACF4007F2ACA;
					};
				};
			};
			buildConfigurationList = E05D95D12827ACF4007F2ACA /* Build configuration list for PBXProject "Sloth" */;
			compatibilityVersion = "Xcode 13.0";
			developmentRegion = en;
			hasScannedForEncodings = 0;
			knownRegions = (
				en,
				Base,
			);
			mainGroup = E05D95CD2827ACF4007F2ACA;
			packageReferences = (
				E05D962C2827CEC1007F2ACA /* XCRemoteSwiftPackageReference "SnapKit" */,
			);
			productRefGroup = E05D95D72827ACF4007F2ACA /* Products */;
			projectDirPath = "";
			projectRoot = "";
			targets = (
				E05D95D52827ACF4007F2ACA /* Sloth */,
				E05D95EB2827ACF6007F2ACA /* SlothTests */,
				E05D95F52827ACF6007F2ACA /* SlothUITests */,
			);
		};
/* End PBXProject section */

/* Begin PBXResourcesBuildPhase section */
		E05D95D42827ACF4007F2ACA /* Resources */ = {
			isa = PBXResourcesBuildPhase;
			buildActionMask = 2147483647;
			files = (
				E05D95E62827ACF5007F2ACA /* LaunchScreen.storyboard in Resources */,
				E05D95E32827ACF5007F2ACA /* Assets.xcassets in Resources */,
				E05D95E12827ACF4007F2ACA /* Main.storyboard in Resources */,
			);
			runOnlyForDeploymentPostprocessing = 0;
		};
		E05D95EA2827ACF6007F2ACA /* Resources */ = {
			isa = PBXResourcesBuildPhase;
			buildActionMask = 2147483647;
			files = (
			);
			runOnlyForDeploymentPostprocessing = 0;
		};
		E05D95F42827ACF6007F2ACA /* Resources */ = {
			isa = PBXResourcesBuildPhase;
			buildActionMask = 2147483647;
			files = (
			);
			runOnlyForDeploymentPostprocessing = 0;
		};
/* End PBXResourcesBuildPhase section */

/* Begin PBXSourcesBuildPhase section */
		E05D95D22827ACF4007F2ACA /* Sources */ = {
			isa = PBXSourcesBuildPhase;
			buildActionMask = 2147483647;
			files = (
				E086090B282BD87F0050E7C6 /* TitleTextField.swift in Sources */,
				E05D96222827CAC1007F2ACA /* InitNavRouter.swift in Sources */,
				E05D96162827CA58007F2ACA /* Router.swift in Sources */,
				E086090F282D429E0050E7C6 /* RegisterLectureCoordinator.swift in Sources */,
				E05D96302827D006007F2ACA /* TodayViewNavigatorDelegate.swift in Sources */,
				E05D960D2827B5CC007F2ACA /* ColorPalette.swift in Sources */,
				E05D95DE2827ACF4007F2ACA /* MainViewController.swift in Sources */,
				E05D96322827D057007F2ACA /* MainViewNavigator.swift in Sources */,
				E08609182830AE180050E7C6 /* LectureCategory.swift in Sources */,
				E0860913282D4C8C0050E7C6 /* CancelButton.swift in Sources */,
				E0860911282D4A070050E7C6 /* ConfirmButton.swift in Sources */,
				E05D95DA2827ACF4007F2ACA /* AppDelegate.swift in Sources */,
				E05D95DC2827ACF4007F2ACA /* SceneDelegate.swift in Sources */,
				E05D96242827CB4A007F2ACA /* MainViewCoordinator.swift in Sources */,
				E05D96362827D234007F2ACA /* MyPageCoordinator.swift in Sources */,
				E05D96102827CA07007F2ACA /* DependencyContainer.swift in Sources */,
				E05D96342827D20F007F2ACA /* MyPageViewController.swift in Sources */,
				E0860908282BD7560050E7C6 /* RegisterLectureViewController.swift in Sources */,
				E05D962B2827CE0A007F2ACA /* TodayViewController.swift in Sources */,
				E05D960B2827B1BC007F2ACA /* Icons.swift in Sources */,
				E05D96132827CA4B007F2ACA /* Coordinator.swift in Sources */,
				E086091A2830AE940050E7C6 /* LectureSite.swift in Sources */,
				E08609152830AAF00050E7C6 /* RegisterLectureViewModel.swift in Sources */,
				E05D96202827CAC1007F2ACA /* NavigationRouter.swift in Sources */,
			);
			runOnlyForDeploymentPostprocessing = 0;
		};
		E05D95E82827ACF6007F2ACA /* Sources */ = {
			isa = PBXSourcesBuildPhase;
			buildActionMask = 2147483647;
			files = (
				E05D95F12827ACF6007F2ACA /* SlothTests.swift in Sources */,
			);
			runOnlyForDeploymentPostprocessing = 0;
		};
		E05D95F22827ACF6007F2ACA /* Sources */ = {
			isa = PBXSourcesBuildPhase;
			buildActionMask = 2147483647;
			files = (
			);
			runOnlyForDeploymentPostprocessing = 0;
		};
/* End PBXSourcesBuildPhase section */

/* Begin PBXTargetDependency section */
		E05D95EE2827ACF6007F2ACA /* PBXTargetDependency */ = {
			isa = PBXTargetDependency;
			target = E05D95D52827ACF4007F2ACA /* Sloth */;
			targetProxy = E05D95ED2827ACF6007F2ACA /* PBXContainerItemProxy */;
		};
		E05D95F82827ACF6007F2ACA /* PBXTargetDependency */ = {
			isa = PBXTargetDependency;
			target = E05D95D52827ACF4007F2ACA /* Sloth */;
			targetProxy = E05D95F72827ACF6007F2ACA /* PBXContainerItemProxy */;
		};
/* End PBXTargetDependency section */

/* Begin PBXVariantGroup section */
		E05D95DF2827ACF4007F2ACA /* Main.storyboard */ = {
			isa = PBXVariantGroup;
			children = (
				E05D95E02827ACF4007F2ACA /* Base */,
			);
			name = Main.storyboard;
			sourceTree = "<group>";
		};
		E05D95E42827ACF5007F2ACA /* LaunchScreen.storyboard */ = {
			isa = PBXVariantGroup;
			children = (
				E05D95E52827ACF5007F2ACA /* Base */,
			);
			name = LaunchScreen.storyboard;
			sourceTree = "<group>";
		};
/* End PBXVariantGroup section */

/* Begin XCBuildConfiguration section */
		E05D95FE2827ACF6007F2ACA /* Debug */ = {
			isa = XCBuildConfiguration;
			buildSettings = {
				ALWAYS_SEARCH_USER_PATHS = NO;
				CLANG_ANALYZER_NONNULL = YES;
				CLANG_ANALYZER_NUMBER_OBJECT_CONVERSION = YES_AGGRESSIVE;
				CLANG_CXX_LANGUAGE_STANDARD = "gnu++17";
				CLANG_ENABLE_MODULES = YES;
				CLANG_ENABLE_OBJC_ARC = YES;
				CLANG_ENABLE_OBJC_WEAK = YES;
				CLANG_WARN_BLOCK_CAPTURE_AUTORELEASING = YES;
				CLANG_WARN_BOOL_CONVERSION = YES;
				CLANG_WARN_COMMA = YES;
				CLANG_WARN_CONSTANT_CONVERSION = YES;
				CLANG_WARN_DEPRECATED_OBJC_IMPLEMENTATIONS = YES;
				CLANG_WARN_DIRECT_OBJC_ISA_USAGE = YES_ERROR;
				CLANG_WARN_DOCUMENTATION_COMMENTS = YES;
				CLANG_WARN_EMPTY_BODY = YES;
				CLANG_WARN_ENUM_CONVERSION = YES;
				CLANG_WARN_INFINITE_RECURSION = YES;
				CLANG_WARN_INT_CONVERSION = YES;
				CLANG_WARN_NON_LITERAL_NULL_CONVERSION = YES;
				CLANG_WARN_OBJC_IMPLICIT_RETAIN_SELF = YES;
				CLANG_WARN_OBJC_LITERAL_CONVERSION = YES;
				CLANG_WARN_OBJC_ROOT_CLASS = YES_ERROR;
				CLANG_WARN_QUOTED_INCLUDE_IN_FRAMEWORK_HEADER = YES;
				CLANG_WARN_RANGE_LOOP_ANALYSIS = YES;
				CLANG_WARN_STRICT_PROTOTYPES = YES;
				CLANG_WARN_SUSPICIOUS_MOVE = YES;
				CLANG_WARN_UNGUARDED_AVAILABILITY = YES_AGGRESSIVE;
				CLANG_WARN_UNREACHABLE_CODE = YES;
				CLANG_WARN__DUPLICATE_METHOD_MATCH = YES;
				COPY_PHASE_STRIP = NO;
				DEBUG_INFORMATION_FORMAT = dwarf;
				ENABLE_STRICT_OBJC_MSGSEND = YES;
				ENABLE_TESTABILITY = YES;
				GCC_C_LANGUAGE_STANDARD = gnu11;
				GCC_DYNAMIC_NO_PIC = NO;
				GCC_NO_COMMON_BLOCKS = YES;
				GCC_OPTIMIZATION_LEVEL = 0;
				GCC_PREPROCESSOR_DEFINITIONS = (
					"DEBUG=1",
					"$(inherited)",
				);
				GCC_WARN_64_TO_32_BIT_CONVERSION = YES;
				GCC_WARN_ABOUT_RETURN_TYPE = YES_ERROR;
				GCC_WARN_UNDECLARED_SELECTOR = YES;
				GCC_WARN_UNINITIALIZED_AUTOS = YES_AGGRESSIVE;
				GCC_WARN_UNUSED_FUNCTION = YES;
				GCC_WARN_UNUSED_VARIABLE = YES;
				IPHONEOS_DEPLOYMENT_TARGET = 15.4;
				MTL_ENABLE_DEBUG_INFO = INCLUDE_SOURCE;
				MTL_FAST_MATH = YES;
				ONLY_ACTIVE_ARCH = YES;
				SDKROOT = iphoneos;
				SWIFT_ACTIVE_COMPILATION_CONDITIONS = DEBUG;
				SWIFT_OPTIMIZATION_LEVEL = "-Onone";
			};
			name = Debug;
		};
		E05D95FF2827ACF6007F2ACA /* Release */ = {
			isa = XCBuildConfiguration;
			buildSettings = {
				ALWAYS_SEARCH_USER_PATHS = NO;
				CLANG_ANALYZER_NONNULL = YES;
				CLANG_ANALYZER_NUMBER_OBJECT_CONVERSION = YES_AGGRESSIVE;
				CLANG_CXX_LANGUAGE_STANDARD = "gnu++17";
				CLANG_ENABLE_MODULES = YES;
				CLANG_ENABLE_OBJC_ARC = YES;
				CLANG_ENABLE_OBJC_WEAK = YES;
				CLANG_WARN_BLOCK_CAPTURE_AUTORELEASING = YES;
				CLANG_WARN_BOOL_CONVERSION = YES;
				CLANG_WARN_COMMA = YES;
				CLANG_WARN_CONSTANT_CONVERSION = YES;
				CLANG_WARN_DEPRECATED_OBJC_IMPLEMENTATIONS = YES;
				CLANG_WARN_DIRECT_OBJC_ISA_USAGE = YES_ERROR;
				CLANG_WARN_DOCUMENTATION_COMMENTS = YES;
				CLANG_WARN_EMPTY_BODY = YES;
				CLANG_WARN_ENUM_CONVERSION = YES;
				CLANG_WARN_INFINITE_RECURSION = YES;
				CLANG_WARN_INT_CONVERSION = YES;
				CLANG_WARN_NON_LITERAL_NULL_CONVERSION = YES;
				CLANG_WARN_OBJC_IMPLICIT_RETAIN_SELF = YES;
				CLANG_WARN_OBJC_LITERAL_CONVERSION = YES;
				CLANG_WARN_OBJC_ROOT_CLASS = YES_ERROR;
				CLANG_WARN_QUOTED_INCLUDE_IN_FRAMEWORK_HEADER = YES;
				CLANG_WARN_RANGE_LOOP_ANALYSIS = YES;
				CLANG_WARN_STRICT_PROTOTYPES = YES;
				CLANG_WARN_SUSPICIOUS_MOVE = YES;
				CLANG_WARN_UNGUARDED_AVAILABILITY = YES_AGGRESSIVE;
				CLANG_WARN_UNREACHABLE_CODE = YES;
				CLANG_WARN__DUPLICATE_METHOD_MATCH = YES;
				COPY_PHASE_STRIP = NO;
				DEBUG_INFORMATION_FORMAT = "dwarf-with-dsym";
				ENABLE_NS_ASSERTIONS = NO;
				ENABLE_STRICT_OBJC_MSGSEND = YES;
				GCC_C_LANGUAGE_STANDARD = gnu11;
				GCC_NO_COMMON_BLOCKS = YES;
				GCC_WARN_64_TO_32_BIT_CONVERSION = YES;
				GCC_WARN_ABOUT_RETURN_TYPE = YES_ERROR;
				GCC_WARN_UNDECLARED_SELECTOR = YES;
				GCC_WARN_UNINITIALIZED_AUTOS = YES_AGGRESSIVE;
				GCC_WARN_UNUSED_FUNCTION = YES;
				GCC_WARN_UNUSED_VARIABLE = YES;
				IPHONEOS_DEPLOYMENT_TARGET = 15.4;
				MTL_ENABLE_DEBUG_INFO = NO;
				MTL_FAST_MATH = YES;
				SDKROOT = iphoneos;
				SWIFT_COMPILATION_MODE = wholemodule;
				SWIFT_OPTIMIZATION_LEVEL = "-O";
				VALIDATE_PRODUCT = YES;
			};
			name = Release;
		};
		E05D96012827ACF6007F2ACA /* Debug */ = {
			isa = XCBuildConfiguration;
			buildSettings = {
				ASSETCATALOG_COMPILER_APPICON_NAME = AppIcon;
				ASSETCATALOG_COMPILER_GLOBAL_ACCENT_COLOR_NAME = AccentColor;
				CODE_SIGN_STYLE = Automatic;
				CURRENT_PROJECT_VERSION = 1;
				DEVELOPMENT_TEAM = 6VQP8QD69R;
				GENERATE_INFOPLIST_FILE = YES;
				INFOPLIST_FILE = Sloth/Info.plist;
				INFOPLIST_KEY_UIApplicationSupportsIndirectInputEvents = YES;
				INFOPLIST_KEY_UILaunchStoryboardName = LaunchScreen;
				INFOPLIST_KEY_UIMainStoryboardFile = Main;
				INFOPLIST_KEY_UISupportedInterfaceOrientations_iPad = "UIInterfaceOrientationPortrait UIInterfaceOrientationPortraitUpsideDown UIInterfaceOrientationLandscapeLeft UIInterfaceOrientationLandscapeRight";
				INFOPLIST_KEY_UISupportedInterfaceOrientations_iPhone = "UIInterfaceOrientationPortrait UIInterfaceOrientationLandscapeLeft UIInterfaceOrientationLandscapeRight";
				LD_RUNPATH_SEARCH_PATHS = (
					"$(inherited)",
					"@executable_path/Frameworks",
				);
				MARKETING_VERSION = 1.0;
				PRODUCT_BUNDLE_IDENTIFIER = com.banidoori.Sloth;
				PRODUCT_NAME = "$(TARGET_NAME)";
				SWIFT_EMIT_LOC_STRINGS = YES;
				SWIFT_VERSION = 5.0;
				TARGETED_DEVICE_FAMILY = "1,2";
			};
			name = Debug;
		};
		E05D96022827ACF6007F2ACA /* Release */ = {
			isa = XCBuildConfiguration;
			buildSettings = {
				ASSETCATALOG_COMPILER_APPICON_NAME = AppIcon;
				ASSETCATALOG_COMPILER_GLOBAL_ACCENT_COLOR_NAME = AccentColor;
				CODE_SIGN_STYLE = Automatic;
				CURRENT_PROJECT_VERSION = 1;
				DEVELOPMENT_TEAM = 6VQP8QD69R;
				GENERATE_INFOPLIST_FILE = YES;
				INFOPLIST_FILE = Sloth/Info.plist;
				INFOPLIST_KEY_UIApplicationSupportsIndirectInputEvents = YES;
				INFOPLIST_KEY_UILaunchStoryboardName = LaunchScreen;
				INFOPLIST_KEY_UIMainStoryboardFile = Main;
				INFOPLIST_KEY_UISupportedInterfaceOrientations_iPad = "UIInterfaceOrientationPortrait UIInterfaceOrientationPortraitUpsideDown UIInterfaceOrientationLandscapeLeft UIInterfaceOrientationLandscapeRight";
				INFOPLIST_KEY_UISupportedInterfaceOrientations_iPhone = "UIInterfaceOrientationPortrait UIInterfaceOrientationLandscapeLeft UIInterfaceOrientationLandscapeRight";
				LD_RUNPATH_SEARCH_PATHS = (
					"$(inherited)",
					"@executable_path/Frameworks",
				);
				MARKETING_VERSION = 1.0;
				PRODUCT_BUNDLE_IDENTIFIER = com.banidoori.Sloth;
				PRODUCT_NAME = "$(TARGET_NAME)";
				SWIFT_EMIT_LOC_STRINGS = YES;
				SWIFT_VERSION = 5.0;
				TARGETED_DEVICE_FAMILY = "1,2";
			};
			name = Release;
		};
		E05D96042827ACF6007F2ACA /* Debug */ = {
			isa = XCBuildConfiguration;
			buildSettings = {
				ALWAYS_EMBED_SWIFT_STANDARD_LIBRARIES = YES;
				BUNDLE_LOADER = "$(TEST_HOST)";
				CODE_SIGN_STYLE = Automatic;
				CURRENT_PROJECT_VERSION = 1;
				DEVELOPMENT_TEAM = 6VQP8QD69R;
				GENERATE_INFOPLIST_FILE = YES;
				IPHONEOS_DEPLOYMENT_TARGET = 15.4;
				MARKETING_VERSION = 1.0;
				PRODUCT_BUNDLE_IDENTIFIER = com.banidoori.SlothTests;
				PRODUCT_NAME = "$(TARGET_NAME)";
				SWIFT_EMIT_LOC_STRINGS = NO;
				SWIFT_VERSION = 5.0;
				TARGETED_DEVICE_FAMILY = "1,2";
				TEST_HOST = "$(BUILT_PRODUCTS_DIR)/Sloth.app/Sloth";
			};
			name = Debug;
		};
		E05D96052827ACF6007F2ACA /* Release */ = {
			isa = XCBuildConfiguration;
			buildSettings = {
				ALWAYS_EMBED_SWIFT_STANDARD_LIBRARIES = YES;
				BUNDLE_LOADER = "$(TEST_HOST)";
				CODE_SIGN_STYLE = Automatic;
				CURRENT_PROJECT_VERSION = 1;
				DEVELOPMENT_TEAM = 6VQP8QD69R;
				GENERATE_INFOPLIST_FILE = YES;
				IPHONEOS_DEPLOYMENT_TARGET = 15.4;
				MARKETING_VERSION = 1.0;
				PRODUCT_BUNDLE_IDENTIFIER = com.banidoori.SlothTests;
				PRODUCT_NAME = "$(TARGET_NAME)";
				SWIFT_EMIT_LOC_STRINGS = NO;
				SWIFT_VERSION = 5.0;
				TARGETED_DEVICE_FAMILY = "1,2";
				TEST_HOST = "$(BUILT_PRODUCTS_DIR)/Sloth.app/Sloth";
			};
			name = Release;
		};
		E05D96072827ACF6007F2ACA /* Debug */ = {
			isa = XCBuildConfiguration;
			buildSettings = {
				ALWAYS_EMBED_SWIFT_STANDARD_LIBRARIES = YES;
				CODE_SIGN_STYLE = Automatic;
				CURRENT_PROJECT_VERSION = 1;
				DEVELOPMENT_TEAM = 6VQP8QD69R;
				GENERATE_INFOPLIST_FILE = YES;
				MARKETING_VERSION = 1.0;
				PRODUCT_BUNDLE_IDENTIFIER = com.banidoori.SlothUITests;
				PRODUCT_NAME = "$(TARGET_NAME)";
				SWIFT_EMIT_LOC_STRINGS = NO;
				SWIFT_VERSION = 5.0;
				TARGETED_DEVICE_FAMILY = "1,2";
				TEST_TARGET_NAME = Sloth;
			};
			name = Debug;
		};
		E05D96082827ACF6007F2ACA /* Release */ = {
			isa = XCBuildConfiguration;
			buildSettings = {
				ALWAYS_EMBED_SWIFT_STANDARD_LIBRARIES = YES;
				CODE_SIGN_STYLE = Automatic;
				CURRENT_PROJECT_VERSION = 1;
				DEVELOPMENT_TEAM = 6VQP8QD69R;
				GENERATE_INFOPLIST_FILE = YES;
				MARKETING_VERSION = 1.0;
				PRODUCT_BUNDLE_IDENTIFIER = com.banidoori.SlothUITests;
				PRODUCT_NAME = "$(TARGET_NAME)";
				SWIFT_EMIT_LOC_STRINGS = NO;
				SWIFT_VERSION = 5.0;
				TARGETED_DEVICE_FAMILY = "1,2";
				TEST_TARGET_NAME = Sloth;
			};
			name = Release;
		};
/* End XCBuildConfiguration section */

/* Begin XCConfigurationList section */
		E05D95D12827ACF4007F2ACA /* Build configuration list for PBXProject "Sloth" */ = {
			isa = XCConfigurationList;
			buildConfigurations = (
				E05D95FE2827ACF6007F2ACA /* Debug */,
				E05D95FF2827ACF6007F2ACA /* Release */,
			);
			defaultConfigurationIsVisible = 0;
			defaultConfigurationName = Release;
		};
		E05D96002827ACF6007F2ACA /* Build configuration list for PBXNativeTarget "Sloth" */ = {
			isa = XCConfigurationList;
			buildConfigurations = (
				E05D96012827ACF6007F2ACA /* Debug */,
				E05D96022827ACF6007F2ACA /* Release */,
			);
			defaultConfigurationIsVisible = 0;
			defaultConfigurationName = Release;
		};
		E05D96032827ACF6007F2ACA /* Build configuration list for PBXNativeTarget "SlothTests" */ = {
			isa = XCConfigurationList;
			buildConfigurations = (
				E05D96042827ACF6007F2ACA /* Debug */,
				E05D96052827ACF6007F2ACA /* Release */,
			);
			defaultConfigurationIsVisible = 0;
			defaultConfigurationName = Release;
		};
		E05D96062827ACF6007F2ACA /* Build configuration list for PBXNativeTarget "SlothUITests" */ = {
			isa = XCConfigurationList;
			buildConfigurations = (
				E05D96072827ACF6007F2ACA /* Debug */,
				E05D96082827ACF6007F2ACA /* Release */,
			);
			defaultConfigurationIsVisible = 0;
			defaultConfigurationName = Release;
		};
/* End XCConfigurationList section */

/* Begin XCRemoteSwiftPackageReference section */
		E05D962C2827CEC1007F2ACA /* XCRemoteSwiftPackageReference "SnapKit" */ = {
			isa = XCRemoteSwiftPackageReference;
			repositoryURL = "https://github.com/SnapKit/SnapKit.git";
			requirement = {
				kind = upToNextMajorVersion;
				minimumVersion = 5.0.0;
			};
		};
/* End XCRemoteSwiftPackageReference section */

/* Begin XCSwiftPackageProductDependency section */
		E05D962D2827CEC1007F2ACA /* SnapKit */ = {
			isa = XCSwiftPackageProductDependency;
			package = E05D962C2827CEC1007F2ACA /* XCRemoteSwiftPackageReference "SnapKit" */;
			productName = SnapKit;
		};
/* End XCSwiftPackageProductDependency section */
	};
	rootObject = E05D95CE2827ACF4007F2ACA /* Project object */;
}
