// !$*UTF8*$!
{
	archiveVersion = 1;
	classes = {
	};
	objectVersion = 55;
	objects = {

/* Begin PBXBuildFile section */
		CE00DA6828805F1D0056A1CB /* LectureInformationRegisterViewController.swift in Sources */ = {isa = PBXBuildFile; fileRef = E0860907282BD7560050E7C6 /* LectureInformationRegisterViewController.swift */; };
		CE00DA6928805F1D0056A1CB /* LectureInformationRegisterViewModel.swift in Sources */ = {isa = PBXBuildFile; fileRef = E08609142830AAF00050E7C6 /* LectureInformationRegisterViewModel.swift */; };
		CE00DA6A28805F1D0056A1CB /* LectureInfomationRegisterCoordinator.swift in Sources */ = {isa = PBXBuildFile; fileRef = E086090E282D429E0050E7C6 /* LectureInfomationRegisterCoordinator.swift */; };
		CE0E25712882C21300188AD5 /* TodayLessonSectionHeaderCell.swift in Sources */ = {isa = PBXBuildFile; fileRef = CE0E25702882C21300188AD5 /* TodayLessonSectionHeaderCell.swift */; };
		CE5324B62874781D00E3FEBA /* TodayLessonHeaderCell.swift in Sources */ = {isa = PBXBuildFile; fileRef = CE5324B52874781D00E3FEBA /* TodayLessonHeaderCell.swift */; };
		CE5CE0D6282EBBD900C70EAF /* Lesson.swift in Sources */ = {isa = PBXBuildFile; fileRef = CE5CE0D5282EBBD900C70EAF /* Lesson.swift */; };
		CE5CE0D8282EBCB500C70EAF /* TodayViewModel.swift in Sources */ = {isa = PBXBuildFile; fileRef = CE5CE0D7282EBCB500C70EAF /* TodayViewModel.swift */; };
		CE5CE0DB282EBD7F00C70EAF /* TodayService.swift in Sources */ = {isa = PBXBuildFile; fileRef = CE5CE0DA282EBD7F00C70EAF /* TodayService.swift */; };
		CE5CE0DD282EBFF900C70EAF /* TodayView.swift in Sources */ = {isa = PBXBuildFile; fileRef = CE5CE0DC282EBFF900C70EAF /* TodayView.swift */; };
		CE5CE0E0282EC19A00C70EAF /* TodayLessonCollectionCell.swift in Sources */ = {isa = PBXBuildFile; fileRef = CE5CE0DF282EC19A00C70EAF /* TodayLessonCollectionCell.swift */; };
		CE5CE0E42830A9FB00C70EAF /* ActivityIndicatorView.swift in Sources */ = {isa = PBXBuildFile; fileRef = CE5CE0E32830A9FB00C70EAF /* ActivityIndicatorView.swift */; };
		CE61D51A2879994400CDEEC7 /* PaddingLabel.swift in Sources */ = {isa = PBXBuildFile; fileRef = CE61D5192879994400CDEEC7 /* PaddingLabel.swift */; };
		CE61D51C2879D79800CDEEC7 /* LessonInformationView.swift in Sources */ = {isa = PBXBuildFile; fileRef = CE61D51B2879D79800CDEEC7 /* LessonInformationView.swift */; };
		E0203399287A7AD300ED01DA /* StartCoordinator.swift in Sources */ = {isa = PBXBuildFile; fileRef = E0203398287A7AD300ED01DA /* StartCoordinator.swift */; };
		E020339C287A8C0200ED01DA /* UIStackView+Extension.swift in Sources */ = {isa = PBXBuildFile; fileRef = E020339B287A8C0200ED01DA /* UIStackView+Extension.swift */; };
		E020339E287A8DE400ED01DA /* StartNavigator.swift in Sources */ = {isa = PBXBuildFile; fileRef = E020339D287A8DE400ED01DA /* StartNavigator.swift */; };
		E02033A0287A8EF300ED01DA /* PopOverRouter.swift in Sources */ = {isa = PBXBuildFile; fileRef = E020339F287A8EF300ED01DA /* PopOverRouter.swift */; };
		E02033A3287AAB2000ED01DA /* InformationAgreementViewController.swift in Sources */ = {isa = PBXBuildFile; fileRef = E02033A2287AAB2000ED01DA /* InformationAgreementViewController.swift */; };
		E02033A5287AAF3200ED01DA /* LoginNavigator.swift in Sources */ = {isa = PBXBuildFile; fileRef = E02033A4287AAF3200ED01DA /* LoginNavigator.swift */; };
		E02033A7287AAFDB00ED01DA /* InformationAgreementCoordinator.swift in Sources */ = {isa = PBXBuildFile; fileRef = E02033A6287AAFDB00ED01DA /* InformationAgreementCoordinator.swift */; };
		E02033A9287AE3D500ED01DA /* InformationAgreementNavigator.swift in Sources */ = {isa = PBXBuildFile; fileRef = E02033A8287AE3D500ED01DA /* InformationAgreementNavigator.swift */; };
		E02033AB287AFDDE00ED01DA /* UIViewController+Extension.swift in Sources */ = {isa = PBXBuildFile; fileRef = E02033AA287AFDDE00ED01DA /* UIViewController+Extension.swift */; };
		E02033AD287B008300ED01DA /* UIAlertController+Extension.swift in Sources */ = {isa = PBXBuildFile; fileRef = E02033AC287B008300ED01DA /* UIAlertController+Extension.swift */; };
		E02033B1287B1B3D00ED01DA /* LectureGoalRegisterViewController.swift in Sources */ = {isa = PBXBuildFile; fileRef = E02033B0287B1B3D00ED01DA /* LectureGoalRegisterViewController.swift */; };
		E02033B5287B1F4500ED01DA /* LectureGoalRegisterCoordinator.swift in Sources */ = {isa = PBXBuildFile; fileRef = E02033B4287B1F4500ED01DA /* LectureGoalRegisterCoordinator.swift */; };
		E02033B7287B1F5900ED01DA /* LectureGoalRegisterNavigator.swift in Sources */ = {isa = PBXBuildFile; fileRef = E02033B6287B1F5900ED01DA /* LectureGoalRegisterNavigator.swift */; };
		E02033B9287B202700ED01DA /* LectureInformationRegisterNavigator.swift in Sources */ = {isa = PBXBuildFile; fileRef = E02033B8287B202700ED01DA /* LectureInformationRegisterNavigator.swift */; };
		E02033BE288BC77800ED01DA /* LectureListViewController.swift in Sources */ = {isa = PBXBuildFile; fileRef = E02033BD288BC77800ED01DA /* LectureListViewController.swift */; };
		E02033C0288BC7FA00ED01DA /* LectureListCoordinator.swift in Sources */ = {isa = PBXBuildFile; fileRef = E02033BF288BC7FA00ED01DA /* LectureListCoordinator.swift */; };
		E02033C2288BCF7200ED01DA /* LectureListNavigator.swift in Sources */ = {isa = PBXBuildFile; fileRef = E02033C1288BCF7200ED01DA /* LectureListNavigator.swift */; };
		E05D95DA2827ACF4007F2ACA /* AppDelegate.swift in Sources */ = {isa = PBXBuildFile; fileRef = E05D95D92827ACF4007F2ACA /* AppDelegate.swift */; };
		E05D95DC2827ACF4007F2ACA /* SceneDelegate.swift in Sources */ = {isa = PBXBuildFile; fileRef = E05D95DB2827ACF4007F2ACA /* SceneDelegate.swift */; };
		E05D95DE2827ACF4007F2ACA /* MainViewController.swift in Sources */ = {isa = PBXBuildFile; fileRef = E05D95DD2827ACF4007F2ACA /* MainViewController.swift */; };
		E05D95E12827ACF4007F2ACA /* Main.storyboard in Resources */ = {isa = PBXBuildFile; fileRef = E05D95DF2827ACF4007F2ACA /* Main.storyboard */; };
		E05D95E32827ACF5007F2ACA /* Assets.xcassets in Resources */ = {isa = PBXBuildFile; fileRef = E05D95E22827ACF5007F2ACA /* Assets.xcassets */; };
		E05D95E62827ACF5007F2ACA /* LaunchScreen.storyboard in Resources */ = {isa = PBXBuildFile; fileRef = E05D95E42827ACF5007F2ACA /* LaunchScreen.storyboard */; };
		E05D95F12827ACF6007F2ACA /* SlothTests.swift in Sources */ = {isa = PBXBuildFile; fileRef = E05D95F02827ACF6007F2ACA /* SlothTests.swift */; };
		E05D960B2827B1BC007F2ACA /* Icons.swift in Sources */ = {isa = PBXBuildFile; fileRef = E05D960A2827B1BC007F2ACA /* Icons.swift */; };
		E05D960D2827B5CC007F2ACA /* ColorPalette.swift in Sources */ = {isa = PBXBuildFile; fileRef = E05D960C2827B5CC007F2ACA /* ColorPalette.swift */; };
		E05D96102827CA07007F2ACA /* DependencyContainer.swift in Sources */ = {isa = PBXBuildFile; fileRef = E05D960F2827CA07007F2ACA /* DependencyContainer.swift */; };
		E05D96132827CA4B007F2ACA /* Coordinator.swift in Sources */ = {isa = PBXBuildFile; fileRef = E05D96122827CA4B007F2ACA /* Coordinator.swift */; };
		E05D96162827CA58007F2ACA /* Router.swift in Sources */ = {isa = PBXBuildFile; fileRef = E05D96152827CA58007F2ACA /* Router.swift */; };
		E05D96202827CAC1007F2ACA /* NavigationRouter.swift in Sources */ = {isa = PBXBuildFile; fileRef = E05D961D2827CAC0007F2ACA /* NavigationRouter.swift */; };
		E05D96222827CAC1007F2ACA /* InitNavRouter.swift in Sources */ = {isa = PBXBuildFile; fileRef = E05D961F2827CAC0007F2ACA /* InitNavRouter.swift */; };
		E05D96242827CB4A007F2ACA /* MainViewCoordinator.swift in Sources */ = {isa = PBXBuildFile; fileRef = E05D96232827CB4A007F2ACA /* MainViewCoordinator.swift */; };
		E05D962B2827CE0A007F2ACA /* TodayViewController.swift in Sources */ = {isa = PBXBuildFile; fileRef = E05D962A2827CE0A007F2ACA /* TodayViewController.swift */; };
		E05D962E2827CEC1007F2ACA /* SnapKit in Frameworks */ = {isa = PBXBuildFile; productRef = E05D962D2827CEC1007F2ACA /* SnapKit */; };
		E05D96302827D006007F2ACA /* TodayViewNavigatorDelegate.swift in Sources */ = {isa = PBXBuildFile; fileRef = E05D962F2827D006007F2ACA /* TodayViewNavigatorDelegate.swift */; };
		E05D96322827D057007F2ACA /* MainViewNavigator.swift in Sources */ = {isa = PBXBuildFile; fileRef = E05D96312827D057007F2ACA /* MainViewNavigator.swift */; };
		E05D96342827D20F007F2ACA /* MyPageViewController.swift in Sources */ = {isa = PBXBuildFile; fileRef = E05D96332827D20F007F2ACA /* MyPageViewController.swift */; };
		E05D96362827D234007F2ACA /* MyPageCoordinator.swift in Sources */ = {isa = PBXBuildFile; fileRef = E05D96352827D234007F2ACA /* MyPageCoordinator.swift */; };
		E0860911282D4A070050E7C6 /* ConfirmButton.swift in Sources */ = {isa = PBXBuildFile; fileRef = E0860910282D4A070050E7C6 /* ConfirmButton.swift */; };
		E0860913282D4C8C0050E7C6 /* CancelButton.swift in Sources */ = {isa = PBXBuildFile; fileRef = E0860912282D4C8C0050E7C6 /* CancelButton.swift */; };
		E08609182830AE180050E7C6 /* LectureCategory.swift in Sources */ = {isa = PBXBuildFile; fileRef = E08609172830AE180050E7C6 /* LectureCategory.swift */; };
		E086091A2830AE940050E7C6 /* LectureSite.swift in Sources */ = {isa = PBXBuildFile; fileRef = E08609192830AE940050E7C6 /* LectureSite.swift */; };
		E086091F28310FBF0050E7C6 /* TitleActionField.swift in Sources */ = {isa = PBXBuildFile; fileRef = E086091E28310FBF0050E7C6 /* TitleActionField.swift */; };
		E086092128310FD00050E7C6 /* TitleTextField.swift in Sources */ = {isa = PBXBuildFile; fileRef = E086092028310FD00050E7C6 /* TitleTextField.swift */; };
		E086092328310FDF0050E7C6 /* TitleInput.swift in Sources */ = {isa = PBXBuildFile; fileRef = E086092228310FDF0050E7C6 /* TitleInput.swift */; };
		E086092628368B420050E7C6 /* StartViewController.swift in Sources */ = {isa = PBXBuildFile; fileRef = E086092528368B410050E7C6 /* StartViewController.swift */; };
		E086092928368E500050E7C6 /* NetworkManager.swift in Sources */ = {isa = PBXBuildFile; fileRef = E086092828368E500050E7C6 /* NetworkManager.swift */; };
		E086092C2837E9630050E7C6 /* LoginService.swift in Sources */ = {isa = PBXBuildFile; fileRef = E086092B2837E9620050E7C6 /* LoginService.swift */; };
		E086093628389DBE0050E7C6 /* RequestMaker.swift in Sources */ = {isa = PBXBuildFile; fileRef = E0860933283898E40050E7C6 /* RequestMaker.swift */; };
		E086093828389DC80050E7C6 /* Endpoint.swift in Sources */ = {isa = PBXBuildFile; fileRef = E086093728389DC80050E7C6 /* Endpoint.swift */; };
		E086093A28389DDA0050E7C6 /* EndpointType.swift in Sources */ = {isa = PBXBuildFile; fileRef = E086093928389DDA0050E7C6 /* EndpointType.swift */; };
		E086093C28389DFA0050E7C6 /* AccountRequestMaker.swift in Sources */ = {isa = PBXBuildFile; fileRef = E086093B28389DFA0050E7C6 /* AccountRequestMaker.swift */; };
		E086093E28389E470050E7C6 /* EndpointProvider.swift in Sources */ = {isa = PBXBuildFile; fileRef = E086093D28389E470050E7C6 /* EndpointProvider.swift */; };
		E086094128389E7F0050E7C6 /* Requestable.swift in Sources */ = {isa = PBXBuildFile; fileRef = E086094028389E7F0050E7C6 /* Requestable.swift */; };
		E086094328389F350050E7C6 /* LoginRequest.swift in Sources */ = {isa = PBXBuildFile; fileRef = E086094228389F350050E7C6 /* LoginRequest.swift */; };
		E08609472838A1570050E7C6 /* HTTPMethod.swift in Sources */ = {isa = PBXBuildFile; fileRef = E08609462838A1570050E7C6 /* HTTPMethod.swift */; };
		E08609492838A17F0050E7C6 /* URLProvider.swift in Sources */ = {isa = PBXBuildFile; fileRef = E08609482838A17F0050E7C6 /* URLProvider.swift */; };
		E086094B2838A1A40050E7C6 /* LogoutRequest.swift in Sources */ = {isa = PBXBuildFile; fileRef = E086094A2838A1A40050E7C6 /* LogoutRequest.swift */; };
		E08609502838AA590050E7C6 /* LoginViewController.swift in Sources */ = {isa = PBXBuildFile; fileRef = E086094F2838AA590050E7C6 /* LoginViewController.swift */; };
		E08609522838AA700050E7C6 /* LoginViewModel.swift in Sources */ = {isa = PBXBuildFile; fileRef = E08609512838AA700050E7C6 /* LoginViewModel.swift */; };
		E08609552838BE7C0050E7C6 /* AppleSessionManager.swift in Sources */ = {isa = PBXBuildFile; fileRef = E08609542838BE7C0050E7C6 /* AppleSessionManager.swift */; };
		E08609572838BE9E0050E7C6 /* GoogleSessionService.swift in Sources */ = {isa = PBXBuildFile; fileRef = E08609562838BE9E0050E7C6 /* GoogleSessionService.swift */; };
		E08609592838BEB30050E7C6 /* KakaoSessionManager.swift in Sources */ = {isa = PBXBuildFile; fileRef = E08609582838BEB30050E7C6 /* KakaoSessionManager.swift */; };
		E086095C2838BF4B0050E7C6 /* KakaoSDKAuth in Frameworks */ = {isa = PBXBuildFile; productRef = E086095B2838BF4B0050E7C6 /* KakaoSDKAuth */; };
		E086095E2838BF4B0050E7C6 /* KakaoSDKCommon in Frameworks */ = {isa = PBXBuildFile; productRef = E086095D2838BF4B0050E7C6 /* KakaoSDKCommon */; };
		E08609602838BF4B0050E7C6 /* KakaoSDKUser in Frameworks */ = {isa = PBXBuildFile; productRef = E086095F2838BF4B0050E7C6 /* KakaoSDKUser */; };
		E08609632838BFBB0050E7C6 /* GoogleSignIn in Frameworks */ = {isa = PBXBuildFile; productRef = E08609622838BFBB0050E7C6 /* GoogleSignIn */; };
		E08609652838C22A0050E7C6 /* LoginCoordinator.swift in Sources */ = {isa = PBXBuildFile; fileRef = E08609642838C22A0050E7C6 /* LoginCoordinator.swift */; };
/* End PBXBuildFile section */

/* Begin PBXContainerItemProxy section */
		E05D95ED2827ACF6007F2ACA /* PBXContainerItemProxy */ = {
			isa = PBXContainerItemProxy;
			containerPortal = E05D95CE2827ACF4007F2ACA /* Project object */;
			proxyType = 1;
			remoteGlobalIDString = E05D95D52827ACF4007F2ACA;
			remoteInfo = Sloth;
		};
		E05D95F72827ACF6007F2ACA /* PBXContainerItemProxy */ = {
			isa = PBXContainerItemProxy;
			containerPortal = E05D95CE2827ACF4007F2ACA /* Project object */;
			proxyType = 1;
			remoteGlobalIDString = E05D95D52827ACF4007F2ACA;
			remoteInfo = Sloth;
		};
/* End PBXContainerItemProxy section */

/* Begin PBXFileReference section */
		CE0E25702882C21300188AD5 /* TodayLessonSectionHeaderCell.swift */ = {isa = PBXFileReference; lastKnownFileType = sourcecode.swift; path = TodayLessonSectionHeaderCell.swift; sourceTree = "<group>"; };
		CE5324B52874781D00E3FEBA /* TodayLessonHeaderCell.swift */ = {isa = PBXFileReference; lastKnownFileType = sourcecode.swift; path = TodayLessonHeaderCell.swift; sourceTree = "<group>"; };
		CE5CE0D5282EBBD900C70EAF /* Lesson.swift */ = {isa = PBXFileReference; lastKnownFileType = sourcecode.swift; path = Lesson.swift; sourceTree = "<group>"; };
		CE5CE0D7282EBCB500C70EAF /* TodayViewModel.swift */ = {isa = PBXFileReference; lastKnownFileType = sourcecode.swift; path = TodayViewModel.swift; sourceTree = "<group>"; };
		CE5CE0DA282EBD7F00C70EAF /* TodayService.swift */ = {isa = PBXFileReference; lastKnownFileType = sourcecode.swift; path = TodayService.swift; sourceTree = "<group>"; };
		CE5CE0DC282EBFF900C70EAF /* TodayView.swift */ = {isa = PBXFileReference; lastKnownFileType = sourcecode.swift; path = TodayView.swift; sourceTree = "<group>"; };
		CE5CE0DF282EC19A00C70EAF /* TodayLessonCollectionCell.swift */ = {isa = PBXFileReference; lastKnownFileType = sourcecode.swift; path = TodayLessonCollectionCell.swift; sourceTree = "<group>"; };
		CE5CE0E32830A9FB00C70EAF /* ActivityIndicatorView.swift */ = {isa = PBXFileReference; lastKnownFileType = sourcecode.swift; path = ActivityIndicatorView.swift; sourceTree = "<group>"; };
		CE61D5192879994400CDEEC7 /* PaddingLabel.swift */ = {isa = PBXFileReference; lastKnownFileType = sourcecode.swift; path = PaddingLabel.swift; sourceTree = "<group>"; };
		CE61D51B2879D79800CDEEC7 /* LessonInformationView.swift */ = {isa = PBXFileReference; lastKnownFileType = sourcecode.swift; path = LessonInformationView.swift; sourceTree = "<group>"; };
		E0203398287A7AD300ED01DA /* StartCoordinator.swift */ = {isa = PBXFileReference; lastKnownFileType = sourcecode.swift; path = StartCoordinator.swift; sourceTree = "<group>"; };
		E020339B287A8C0200ED01DA /* UIStackView+Extension.swift */ = {isa = PBXFileReference; lastKnownFileType = sourcecode.swift; path = "UIStackView+Extension.swift"; sourceTree = "<group>"; };
		E020339D287A8DE400ED01DA /* StartNavigator.swift */ = {isa = PBXFileReference; lastKnownFileType = sourcecode.swift; path = StartNavigator.swift; sourceTree = "<group>"; };
		E020339F287A8EF300ED01DA /* PopOverRouter.swift */ = {isa = PBXFileReference; lastKnownFileType = sourcecode.swift; path = PopOverRouter.swift; sourceTree = "<group>"; };
		E02033A2287AAB2000ED01DA /* InformationAgreementViewController.swift */ = {isa = PBXFileReference; lastKnownFileType = sourcecode.swift; path = InformationAgreementViewController.swift; sourceTree = "<group>"; };
		E02033A4287AAF3200ED01DA /* LoginNavigator.swift */ = {isa = PBXFileReference; lastKnownFileType = sourcecode.swift; path = LoginNavigator.swift; sourceTree = "<group>"; };
		E02033A6287AAFDB00ED01DA /* InformationAgreementCoordinator.swift */ = {isa = PBXFileReference; lastKnownFileType = sourcecode.swift; path = InformationAgreementCoordinator.swift; sourceTree = "<group>"; };
		E02033A8287AE3D500ED01DA /* InformationAgreementNavigator.swift */ = {isa = PBXFileReference; lastKnownFileType = sourcecode.swift; path = InformationAgreementNavigator.swift; sourceTree = "<group>"; };
		E02033AA287AFDDE00ED01DA /* UIViewController+Extension.swift */ = {isa = PBXFileReference; lastKnownFileType = sourcecode.swift; path = "UIViewController+Extension.swift"; sourceTree = "<group>"; };
		E02033AC287B008300ED01DA /* UIAlertController+Extension.swift */ = {isa = PBXFileReference; lastKnownFileType = sourcecode.swift; path = "UIAlertController+Extension.swift"; sourceTree = "<group>"; };
		E02033B0287B1B3D00ED01DA /* LectureGoalRegisterViewController.swift */ = {isa = PBXFileReference; lastKnownFileType = sourcecode.swift; path = LectureGoalRegisterViewController.swift; sourceTree = "<group>"; };
		E02033B4287B1F4500ED01DA /* LectureGoalRegisterCoordinator.swift */ = {isa = PBXFileReference; lastKnownFileType = sourcecode.swift; path = LectureGoalRegisterCoordinator.swift; sourceTree = "<group>"; };
		E02033B6287B1F5900ED01DA /* LectureGoalRegisterNavigator.swift */ = {isa = PBXFileReference; lastKnownFileType = sourcecode.swift; path = LectureGoalRegisterNavigator.swift; sourceTree = "<group>"; };
		E02033B8287B202700ED01DA /* LectureInformationRegisterNavigator.swift */ = {isa = PBXFileReference; lastKnownFileType = sourcecode.swift; path = LectureInformationRegisterNavigator.swift; sourceTree = "<group>"; };
		E02033BD288BC77800ED01DA /* LectureListViewController.swift */ = {isa = PBXFileReference; lastKnownFileType = sourcecode.swift; path = LectureListViewController.swift; sourceTree = "<group>"; };
		E02033BF288BC7FA00ED01DA /* LectureListCoordinator.swift */ = {isa = PBXFileReference; lastKnownFileType = sourcecode.swift; path = LectureListCoordinator.swift; sourceTree = "<group>"; };
		E02033C1288BCF7200ED01DA /* LectureListNavigator.swift */ = {isa = PBXFileReference; lastKnownFileType = sourcecode.swift; path = LectureListNavigator.swift; sourceTree = "<group>"; };
		E05D95D62827ACF4007F2ACA /* Sloth.app */ = {isa = PBXFileReference; explicitFileType = wrapper.application; includeInIndex = 0; path = Sloth.app; sourceTree = BUILT_PRODUCTS_DIR; };
		E05D95D92827ACF4007F2ACA /* AppDelegate.swift */ = {isa = PBXFileReference; lastKnownFileType = sourcecode.swift; path = AppDelegate.swift; sourceTree = "<group>"; };
		E05D95DB2827ACF4007F2ACA /* SceneDelegate.swift */ = {isa = PBXFileReference; lastKnownFileType = sourcecode.swift; path = SceneDelegate.swift; sourceTree = "<group>"; };
		E05D95DD2827ACF4007F2ACA /* MainViewController.swift */ = {isa = PBXFileReference; lastKnownFileType = sourcecode.swift; path = MainViewController.swift; sourceTree = "<group>"; };
		E05D95E02827ACF4007F2ACA /* Base */ = {isa = PBXFileReference; lastKnownFileType = file.storyboard; name = Base; path = Base.lproj/Main.storyboard; sourceTree = "<group>"; };
		E05D95E22827ACF5007F2ACA /* Assets.xcassets */ = {isa = PBXFileReference; lastKnownFileType = folder.assetcatalog; path = Assets.xcassets; sourceTree = "<group>"; };
		E05D95E52827ACF5007F2ACA /* Base */ = {isa = PBXFileReference; lastKnownFileType = file.storyboard; name = Base; path = Base.lproj/LaunchScreen.storyboard; sourceTree = "<group>"; };
		E05D95E72827ACF5007F2ACA /* Info.plist */ = {isa = PBXFileReference; lastKnownFileType = text.plist.xml; path = Info.plist; sourceTree = "<group>"; };
		E05D95EC2827ACF6007F2ACA /* SlothTests.xctest */ = {isa = PBXFileReference; explicitFileType = wrapper.cfbundle; includeInIndex = 0; path = SlothTests.xctest; sourceTree = BUILT_PRODUCTS_DIR; };
		E05D95F02827ACF6007F2ACA /* SlothTests.swift */ = {isa = PBXFileReference; lastKnownFileType = sourcecode.swift; path = SlothTests.swift; sourceTree = "<group>"; };
		E05D95F62827ACF6007F2ACA /* SlothUITests.xctest */ = {isa = PBXFileReference; explicitFileType = wrapper.cfbundle; includeInIndex = 0; path = SlothUITests.xctest; sourceTree = BUILT_PRODUCTS_DIR; };
		E05D960A2827B1BC007F2ACA /* Icons.swift */ = {isa = PBXFileReference; lastKnownFileType = sourcecode.swift; path = Icons.swift; sourceTree = "<group>"; };
		E05D960C2827B5CC007F2ACA /* ColorPalette.swift */ = {isa = PBXFileReference; lastKnownFileType = sourcecode.swift; path = ColorPalette.swift; sourceTree = "<group>"; };
		E05D960F2827CA07007F2ACA /* DependencyContainer.swift */ = {isa = PBXFileReference; lastKnownFileType = sourcecode.swift; path = DependencyContainer.swift; sourceTree = "<group>"; };
		E05D96122827CA4B007F2ACA /* Coordinator.swift */ = {isa = PBXFileReference; lastKnownFileType = sourcecode.swift; path = Coordinator.swift; sourceTree = "<group>"; };
		E05D96152827CA58007F2ACA /* Router.swift */ = {isa = PBXFileReference; lastKnownFileType = sourcecode.swift; path = Router.swift; sourceTree = "<group>"; };
		E05D961D2827CAC0007F2ACA /* NavigationRouter.swift */ = {isa = PBXFileReference; fileEncoding = 4; lastKnownFileType = sourcecode.swift; path = NavigationRouter.swift; sourceTree = "<group>"; };
		E05D961F2827CAC0007F2ACA /* InitNavRouter.swift */ = {isa = PBXFileReference; fileEncoding = 4; lastKnownFileType = sourcecode.swift; path = InitNavRouter.swift; sourceTree = "<group>"; };
		E05D96232827CB4A007F2ACA /* MainViewCoordinator.swift */ = {isa = PBXFileReference; lastKnownFileType = sourcecode.swift; path = MainViewCoordinator.swift; sourceTree = "<group>"; };
		E05D962A2827CE0A007F2ACA /* TodayViewController.swift */ = {isa = PBXFileReference; lastKnownFileType = sourcecode.swift; path = TodayViewController.swift; sourceTree = "<group>"; };
		E05D962F2827D006007F2ACA /* TodayViewNavigatorDelegate.swift */ = {isa = PBXFileReference; lastKnownFileType = sourcecode.swift; path = TodayViewNavigatorDelegate.swift; sourceTree = "<group>"; };
		E05D96312827D057007F2ACA /* MainViewNavigator.swift */ = {isa = PBXFileReference; lastKnownFileType = sourcecode.swift; path = MainViewNavigator.swift; sourceTree = "<group>"; };
		E05D96332827D20F007F2ACA /* MyPageViewController.swift */ = {isa = PBXFileReference; lastKnownFileType = sourcecode.swift; path = MyPageViewController.swift; sourceTree = "<group>"; };
		E05D96352827D234007F2ACA /* MyPageCoordinator.swift */ = {isa = PBXFileReference; lastKnownFileType = sourcecode.swift; path = MyPageCoordinator.swift; sourceTree = "<group>"; };
		E0860907282BD7560050E7C6 /* LectureInformationRegisterViewController.swift */ = {isa = PBXFileReference; lastKnownFileType = sourcecode.swift; path = LectureInformationRegisterViewController.swift; sourceTree = "<group>"; };
		E086090E282D429E0050E7C6 /* LectureInfomationRegisterCoordinator.swift */ = {isa = PBXFileReference; lastKnownFileType = sourcecode.swift; path = LectureInfomationRegisterCoordinator.swift; sourceTree = "<group>"; };
		E0860910282D4A070050E7C6 /* ConfirmButton.swift */ = {isa = PBXFileReference; lastKnownFileType = sourcecode.swift; path = ConfirmButton.swift; sourceTree = "<group>"; };
		E0860912282D4C8C0050E7C6 /* CancelButton.swift */ = {isa = PBXFileReference; lastKnownFileType = sourcecode.swift; path = CancelButton.swift; sourceTree = "<group>"; };
		E08609142830AAF00050E7C6 /* LectureInformationRegisterViewModel.swift */ = {isa = PBXFileReference; lastKnownFileType = sourcecode.swift; path = LectureInformationRegisterViewModel.swift; sourceTree = "<group>"; };
		E08609172830AE180050E7C6 /* LectureCategory.swift */ = {isa = PBXFileReference; lastKnownFileType = sourcecode.swift; path = LectureCategory.swift; sourceTree = "<group>"; };
		E08609192830AE940050E7C6 /* LectureSite.swift */ = {isa = PBXFileReference; lastKnownFileType = sourcecode.swift; path = LectureSite.swift; sourceTree = "<group>"; };
		E086091E28310FBF0050E7C6 /* TitleActionField.swift */ = {isa = PBXFileReference; lastKnownFileType = sourcecode.swift; path = TitleActionField.swift; sourceTree = "<group>"; };
		E086092028310FD00050E7C6 /* TitleTextField.swift */ = {isa = PBXFileReference; lastKnownFileType = sourcecode.swift; path = TitleTextField.swift; sourceTree = "<group>"; };
		E086092228310FDF0050E7C6 /* TitleInput.swift */ = {isa = PBXFileReference; lastKnownFileType = sourcecode.swift; path = TitleInput.swift; sourceTree = "<group>"; };
		E086092528368B410050E7C6 /* StartViewController.swift */ = {isa = PBXFileReference; lastKnownFileType = sourcecode.swift; path = StartViewController.swift; sourceTree = "<group>"; };
		E086092828368E500050E7C6 /* NetworkManager.swift */ = {isa = PBXFileReference; lastKnownFileType = sourcecode.swift; path = NetworkManager.swift; sourceTree = "<group>"; };
		E086092B2837E9620050E7C6 /* LoginService.swift */ = {isa = PBXFileReference; lastKnownFileType = sourcecode.swift; path = LoginService.swift; sourceTree = "<group>"; };
		E0860933283898E40050E7C6 /* RequestMaker.swift */ = {isa = PBXFileReference; lastKnownFileType = sourcecode.swift; path = RequestMaker.swift; sourceTree = "<group>"; };
		E086093728389DC80050E7C6 /* Endpoint.swift */ = {isa = PBXFileReference; lastKnownFileType = sourcecode.swift; path = Endpoint.swift; sourceTree = "<group>"; };
		E086093928389DDA0050E7C6 /* EndpointType.swift */ = {isa = PBXFileReference; lastKnownFileType = sourcecode.swift; path = EndpointType.swift; sourceTree = "<group>"; };
		E086093B28389DFA0050E7C6 /* AccountRequestMaker.swift */ = {isa = PBXFileReference; lastKnownFileType = sourcecode.swift; path = AccountRequestMaker.swift; sourceTree = "<group>"; };
		E086093D28389E470050E7C6 /* EndpointProvider.swift */ = {isa = PBXFileReference; lastKnownFileType = sourcecode.swift; path = EndpointProvider.swift; sourceTree = "<group>"; };
		E086094028389E7F0050E7C6 /* Requestable.swift */ = {isa = PBXFileReference; lastKnownFileType = sourcecode.swift; path = Requestable.swift; sourceTree = "<group>"; };
		E086094228389F350050E7C6 /* LoginRequest.swift */ = {isa = PBXFileReference; lastKnownFileType = sourcecode.swift; path = LoginRequest.swift; sourceTree = "<group>"; };
		E08609462838A1570050E7C6 /* HTTPMethod.swift */ = {isa = PBXFileReference; lastKnownFileType = sourcecode.swift; path = HTTPMethod.swift; sourceTree = "<group>"; };
		E08609482838A17F0050E7C6 /* URLProvider.swift */ = {isa = PBXFileReference; lastKnownFileType = sourcecode.swift; path = URLProvider.swift; sourceTree = "<group>"; };
		E086094A2838A1A40050E7C6 /* LogoutRequest.swift */ = {isa = PBXFileReference; lastKnownFileType = sourcecode.swift; path = LogoutRequest.swift; sourceTree = "<group>"; };
		E086094F2838AA590050E7C6 /* LoginViewController.swift */ = {isa = PBXFileReference; lastKnownFileType = sourcecode.swift; path = LoginViewController.swift; sourceTree = "<group>"; };
		E08609512838AA700050E7C6 /* LoginViewModel.swift */ = {isa = PBXFileReference; lastKnownFileType = sourcecode.swift; path = LoginViewModel.swift; sourceTree = "<group>"; };
		E08609542838BE7C0050E7C6 /* AppleSessionManager.swift */ = {isa = PBXFileReference; lastKnownFileType = sourcecode.swift; path = AppleSessionManager.swift; sourceTree = "<group>"; };
		E08609562838BE9E0050E7C6 /* GoogleSessionService.swift */ = {isa = PBXFileReference; lastKnownFileType = sourcecode.swift; path = GoogleSessionService.swift; sourceTree = "<group>"; };
		E08609582838BEB30050E7C6 /* KakaoSessionManager.swift */ = {isa = PBXFileReference; lastKnownFileType = sourcecode.swift; path = KakaoSessionManager.swift; sourceTree = "<group>"; };
		E08609642838C22A0050E7C6 /* LoginCoordinator.swift */ = {isa = PBXFileReference; lastKnownFileType = sourcecode.swift; path = LoginCoordinator.swift; sourceTree = "<group>"; };
		E08609662838C6EA0050E7C6 /* Sloth.entitlements */ = {isa = PBXFileReference; lastKnownFileType = text.plist.entitlements; path = Sloth.entitlements; sourceTree = "<group>"; };
/* End PBXFileReference section */

/* Begin PBXFrameworksBuildPhase section */
		E05D95D32827ACF4007F2ACA /* Frameworks */ = {
			isa = PBXFrameworksBuildPhase;
			buildActionMask = 2147483647;
			files = (
				E08609632838BFBB0050E7C6 /* GoogleSignIn in Frameworks */,
				E08609602838BF4B0050E7C6 /* KakaoSDKUser in Frameworks */,
				E05D962E2827CEC1007F2ACA /* SnapKit in Frameworks */,
				E086095E2838BF4B0050E7C6 /* KakaoSDKCommon in Frameworks */,
				E086095C2838BF4B0050E7C6 /* KakaoSDKAuth in Frameworks */,
			);
			runOnlyForDeploymentPostprocessing = 0;
		};
		E05D95E92827ACF6007F2ACA /* Frameworks */ = {
			isa = PBXFrameworksBuildPhase;
			buildActionMask = 2147483647;
			files = (
			);
			runOnlyForDeploymentPostprocessing = 0;
		};
		E05D95F32827ACF6007F2ACA /* Frameworks */ = {
			isa = PBXFrameworksBuildPhase;
			buildActionMask = 2147483647;
			files = (
			);
			runOnlyForDeploymentPostprocessing = 0;
		};
/* End PBXFrameworksBuildPhase section */

/* Begin PBXGroup section */
		CE5CE0D3282EBACE00C70EAF /* API */ = {
			isa = PBXGroup;
			children = (
				E086093528389DA40050E7C6 /* Endpoint */,
				E08609442838A1250050E7C6 /* Request */,
				E0860932283898DC0050E7C6 /* RequestMaker */,
				E086092728368E480050E7C6 /* NetworkManager */,
				CE5CE0D9282EBD7600C70EAF /* Service */,
				CE5CE0D4282EBAD200C70EAF /* Model */,
			);
			path = API;
			sourceTree = "<group>";
		};
		CE5CE0D4282EBAD200C70EAF /* Model */ = {
			isa = PBXGroup;
			children = (
				CE5CE0D5282EBBD900C70EAF /* Lesson.swift */,
			);
			path = Model;
			sourceTree = "<group>";
		};
		CE5CE0D9282EBD7600C70EAF /* Service */ = {
			isa = PBXGroup;
			children = (
				E086092B2837E9620050E7C6 /* LoginService.swift */,
				CE5CE0DA282EBD7F00C70EAF /* TodayService.swift */,
			);
			path = Service;
			sourceTree = "<group>";
		};
		CE5CE0DE282EC18200C70EAF /* Cell */ = {
			isa = PBXGroup;
			children = (
				CE5324B52874781D00E3FEBA /* TodayLessonHeaderCell.swift */,
				CE5CE0DF282EC19A00C70EAF /* TodayLessonCollectionCell.swift */,
				CE0E25702882C21300188AD5 /* TodayLessonSectionHeaderCell.swift */,
			);
			path = Cell;
			sourceTree = "<group>";
		};
		E020339A287A8BF500ED01DA /* Extension */ = {
			isa = PBXGroup;
			children = (
				E020339B287A8C0200ED01DA /* UIStackView+Extension.swift */,
				E02033AA287AFDDE00ED01DA /* UIViewController+Extension.swift */,
				E02033AC287B008300ED01DA /* UIAlertController+Extension.swift */,
			);
			path = Extension;
			sourceTree = "<group>";
		};
		E02033A1287AAAF900ED01DA /* InformationAgreementView */ = {
			isa = PBXGroup;
			children = (
				E02033A2287AAB2000ED01DA /* InformationAgreementViewController.swift */,
				E02033A8287AE3D500ED01DA /* InformationAgreementNavigator.swift */,
			);
			path = InformationAgreementView;
			sourceTree = "<group>";
		};
		E02033AF287B1B2B00ED01DA /* LectureGoalRegisterView */ = {
			isa = PBXGroup;
			children = (
				E02033B0287B1B3D00ED01DA /* LectureGoalRegisterViewController.swift */,
				E02033B6287B1F5900ED01DA /* LectureGoalRegisterNavigator.swift */,
			);
			path = LectureGoalRegisterView;
			sourceTree = "<group>";
		};
		E02033BC288BC76A00ED01DA /* LectureListView */ = {
			isa = PBXGroup;
			children = (
				E02033BD288BC77800ED01DA /* LectureListViewController.swift */,
				E02033C1288BCF7200ED01DA /* LectureListNavigator.swift */,
			);
			path = LectureListView;
			sourceTree = "<group>";
		};
		E05D95CD2827ACF4007F2ACA = {
			isa = PBXGroup;
			children = (
				E05D95D82827ACF4007F2ACA /* Sloth */,
				E05D95EF2827ACF6007F2ACA /* SlothTests */,
				E05D95D72827ACF4007F2ACA /* Products */,
			);
			sourceTree = "<group>";
		};
		E05D95D72827ACF4007F2ACA /* Products */ = {
			isa = PBXGroup;
			children = (
				E05D95D62827ACF4007F2ACA /* Sloth.app */,
				E05D95EC2827ACF6007F2ACA /* SlothTests.xctest */,
				E05D95F62827ACF6007F2ACA /* SlothUITests.xctest */,
			);
			name = Products;
			sourceTree = "<group>";
		};
		E05D95D82827ACF4007F2ACA /* Sloth */ = {
			isa = PBXGroup;
			children = (
				E02033BC288BC76A00ED01DA /* LectureListView */,
				E02033AF287B1B2B00ED01DA /* LectureGoalRegisterView */,
				E02033A1287AAAF900ED01DA /* InformationAgreementView */,
				E08609662838C6EA0050E7C6 /* Sloth.entitlements */,
				E086094E2838AA4D0050E7C6 /* LoginView */,
				E086092428368B200050E7C6 /* StartView */,
				E0860906282BD7200050E7C6 /* LectureInformationRegisterView */,
				CE5CE0D3282EBACE00C70EAF /* API */,
				E05D96282827CDF1007F2ACA /* MyPageView */,
				E05D96272827CDE6007F2ACA /* TodayView */,
				E05D96252827CD7F007F2ACA /* MainView */,
				E05D96112827CA24007F2ACA /* Coordinator */,
				E05D960E2827C9D8007F2ACA /* Dependency */,
				E05D96092827B1B5007F2ACA /* Common */,
				E05D95D92827ACF4007F2ACA /* AppDelegate.swift */,
				E05D95DB2827ACF4007F2ACA /* SceneDelegate.swift */,
				E05D95DF2827ACF4007F2ACA /* Main.storyboard */,
				E05D95E22827ACF5007F2ACA /* Assets.xcassets */,
				E05D95E42827ACF5007F2ACA /* LaunchScreen.storyboard */,
				E05D95E72827ACF5007F2ACA /* Info.plist */,
			);
			path = Sloth;
			sourceTree = "<group>";
		};
		E05D95EF2827ACF6007F2ACA /* SlothTests */ = {
			isa = PBXGroup;
			children = (
				E05D95F02827ACF6007F2ACA /* SlothTests.swift */,
			);
			path = SlothTests;
			sourceTree = "<group>";
		};
		E05D96092827B1B5007F2ACA /* Common */ = {
			isa = PBXGroup;
			children = (
				E020339A287A8BF500ED01DA /* Extension */,
				E086091D28310FB00050E7C6 /* TitleInput */,
				E0860910282D4A070050E7C6 /* ConfirmButton.swift */,
				E0860912282D4C8C0050E7C6 /* CancelButton.swift */,
				E05D960A2827B1BC007F2ACA /* Icons.swift */,
				E05D960C2827B5CC007F2ACA /* ColorPalette.swift */,
				CE5CE0E32830A9FB00C70EAF /* ActivityIndicatorView.swift */,
				CE61D5192879994400CDEEC7 /* PaddingLabel.swift */,
				CE61D51B2879D79800CDEEC7 /* LessonInformationView.swift */,
			);
			path = Common;
			sourceTree = "<group>";
		};
		E05D960E2827C9D8007F2ACA /* Dependency */ = {
			isa = PBXGroup;
			children = (
				E05D960F2827CA07007F2ACA /* DependencyContainer.swift */,
			);
			path = Dependency;
			sourceTree = "<group>";
		};
		E05D96112827CA24007F2ACA /* Coordinator */ = {
			isa = PBXGroup;
			children = (
				E05D96142827CA54007F2ACA /* Router */,
				E05D96122827CA4B007F2ACA /* Coordinator.swift */,
				E02033BF288BC7FA00ED01DA /* LectureListCoordinator.swift */,
				E05D96232827CB4A007F2ACA /* MainViewCoordinator.swift */,
				E02033B4287B1F4500ED01DA /* LectureGoalRegisterCoordinator.swift */,
				E05D96352827D234007F2ACA /* MyPageCoordinator.swift */,
				E086090E282D429E0050E7C6 /* LectureInfomationRegisterCoordinator.swift */,
				E08609642838C22A0050E7C6 /* LoginCoordinator.swift */,
				E0203398287A7AD300ED01DA /* StartCoordinator.swift */,
				E02033A6287AAFDB00ED01DA /* InformationAgreementCoordinator.swift */,
			);
			path = Coordinator;
			sourceTree = "<group>";
		};
		E05D96142827CA54007F2ACA /* Router */ = {
			isa = PBXGroup;
			children = (
				E05D961F2827CAC0007F2ACA /* InitNavRouter.swift */,
				E05D961D2827CAC0007F2ACA /* NavigationRouter.swift */,
				E05D96152827CA58007F2ACA /* Router.swift */,
				E020339F287A8EF300ED01DA /* PopOverRouter.swift */,
			);
			path = Router;
			sourceTree = "<group>";
		};
		E05D96252827CD7F007F2ACA /* MainView */ = {
			isa = PBXGroup;
			children = (
				E05D95DD2827ACF4007F2ACA /* MainViewController.swift */,
				E05D96312827D057007F2ACA /* MainViewNavigator.swift */,
			);
			path = MainView;
			sourceTree = "<group>";
		};
		E05D96272827CDE6007F2ACA /* TodayView */ = {
			isa = PBXGroup;
			children = (
				E05D962A2827CE0A007F2ACA /* TodayViewController.swift */,
				CE5CE0D7282EBCB500C70EAF /* TodayViewModel.swift */,
				CE5CE0DC282EBFF900C70EAF /* TodayView.swift */,
				E05D962F2827D006007F2ACA /* TodayViewNavigatorDelegate.swift */,
				CE5CE0DE282EC18200C70EAF /* Cell */,
			);
			path = TodayView;
			sourceTree = "<group>";
		};
		E05D96282827CDF1007F2ACA /* MyPageView */ = {
			isa = PBXGroup;
			children = (
				E05D96332827D20F007F2ACA /* MyPageViewController.swift */,
			);
			path = MyPageView;
			sourceTree = "<group>";
		};
		E0860906282BD7200050E7C6 /* LectureInformationRegisterView */ = {
			isa = PBXGroup;
			children = (
				E08609162830AE0A0050E7C6 /* Model */,
				E0860907282BD7560050E7C6 /* LectureInformationRegisterViewController.swift */,
				E08609142830AAF00050E7C6 /* LectureInformationRegisterViewModel.swift */,
				E02033B8287B202700ED01DA /* LectureInformationRegisterNavigator.swift */,
			);
			path = LectureInformationRegisterView;
			sourceTree = "<group>";
		};
		E08609162830AE0A0050E7C6 /* Model */ = {
			isa = PBXGroup;
			children = (
				E08609172830AE180050E7C6 /* LectureCategory.swift */,
				E08609192830AE940050E7C6 /* LectureSite.swift */,
			);
			path = Model;
			sourceTree = "<group>";
		};
		E086091D28310FB00050E7C6 /* TitleInput */ = {
			isa = PBXGroup;
			children = (
				E086091E28310FBF0050E7C6 /* TitleActionField.swift */,
				E086092028310FD00050E7C6 /* TitleTextField.swift */,
				E086092228310FDF0050E7C6 /* TitleInput.swift */,
			);
			path = TitleInput;
			sourceTree = "<group>";
		};
		E086092428368B200050E7C6 /* StartView */ = {
			isa = PBXGroup;
			children = (
				E086092528368B410050E7C6 /* StartViewController.swift */,
				E020339D287A8DE400ED01DA /* StartNavigator.swift */,
			);
			path = StartView;
			sourceTree = "<group>";
		};
		E086092728368E480050E7C6 /* NetworkManager */ = {
			isa = PBXGroup;
			children = (
				E086092828368E500050E7C6 /* NetworkManager.swift */,
				E08609462838A1570050E7C6 /* HTTPMethod.swift */,
			);
			path = NetworkManager;
			sourceTree = "<group>";
		};
		E0860932283898DC0050E7C6 /* RequestMaker */ = {
			isa = PBXGroup;
			children = (
				E086093B28389DFA0050E7C6 /* AccountRequestMaker.swift */,
				E0860933283898E40050E7C6 /* RequestMaker.swift */,
			);
			path = RequestMaker;
			sourceTree = "<group>";
		};
		E086093528389DA40050E7C6 /* Endpoint */ = {
			isa = PBXGroup;
			children = (
				E086093728389DC80050E7C6 /* Endpoint.swift */,
				E086093928389DDA0050E7C6 /* EndpointType.swift */,
				E086093D28389E470050E7C6 /* EndpointProvider.swift */,
				E08609482838A17F0050E7C6 /* URLProvider.swift */,
			);
			path = Endpoint;
			sourceTree = "<group>";
		};
		E08609442838A1250050E7C6 /* Request */ = {
			isa = PBXGroup;
			children = (
				E086094028389E7F0050E7C6 /* Requestable.swift */,
				E086094228389F350050E7C6 /* LoginRequest.swift */,
				E086094A2838A1A40050E7C6 /* LogoutRequest.swift */,
			);
			path = Request;
			sourceTree = "<group>";
		};
		E086094E2838AA4D0050E7C6 /* LoginView */ = {
			isa = PBXGroup;
			children = (
				E08609532838BE590050E7C6 /* SessionManager */,
				E086094F2838AA590050E7C6 /* LoginViewController.swift */,
				E08609512838AA700050E7C6 /* LoginViewModel.swift */,
				E02033A4287AAF3200ED01DA /* LoginNavigator.swift */,
			);
			path = LoginView;
			sourceTree = "<group>";
		};
		E08609532838BE590050E7C6 /* SessionManager */ = {
			isa = PBXGroup;
			children = (
				E08609542838BE7C0050E7C6 /* AppleSessionManager.swift */,
				E08609562838BE9E0050E7C6 /* GoogleSessionService.swift */,
				E08609582838BEB30050E7C6 /* KakaoSessionManager.swift */,
			);
			path = SessionManager;
			sourceTree = "<group>";
		};
/* End PBXGroup section */

/* Begin PBXNativeTarget section */
		E05D95D52827ACF4007F2ACA /* Sloth */ = {
			isa = PBXNativeTarget;
			buildConfigurationList = E05D96002827ACF6007F2ACA /* Build configuration list for PBXNativeTarget "Sloth" */;
			buildPhases = (
				E05D95D22827ACF4007F2ACA /* Sources */,
				E05D95D32827ACF4007F2ACA /* Frameworks */,
				E05D95D42827ACF4007F2ACA /* Resources */,
			);
			buildRules = (
			);
			dependencies = (
			);
			name = Sloth;
			packageProductDependencies = (
				E05D962D2827CEC1007F2ACA /* SnapKit */,
				E086095B2838BF4B0050E7C6 /* KakaoSDKAuth */,
				E086095D2838BF4B0050E7C6 /* KakaoSDKCommon */,
				E086095F2838BF4B0050E7C6 /* KakaoSDKUser */,
				E08609622838BFBB0050E7C6 /* GoogleSignIn */,
			);
			productName = Sloth;
			productReference = E05D95D62827ACF4007F2ACA /* Sloth.app */;
			productType = "com.apple.product-type.application";
		};
		E05D95EB2827ACF6007F2ACA /* SlothTests */ = {
			isa = PBXNativeTarget;
			buildConfigurationList = E05D96032827ACF6007F2ACA /* Build configuration list for PBXNativeTarget "SlothTests" */;
			buildPhases = (
				E05D95E82827ACF6007F2ACA /* Sources */,
				E05D95E92827ACF6007F2ACA /* Frameworks */,
				E05D95EA2827ACF6007F2ACA /* Resources */,
			);
			buildRules = (
			);
			dependencies = (
				E05D95EE2827ACF6007F2ACA /* PBXTargetDependency */,
			);
			name = SlothTests;
			productName = SlothTests;
			productReference = E05D95EC2827ACF6007F2ACA /* SlothTests.xctest */;
			productType = "com.apple.product-type.bundle.unit-test";
		};
		E05D95F52827ACF6007F2ACA /* SlothUITests */ = {
			isa = PBXNativeTarget;
			buildConfigurationList = E05D96062827ACF6007F2ACA /* Build configuration list for PBXNativeTarget "SlothUITests" */;
			buildPhases = (
				E05D95F22827ACF6007F2ACA /* Sources */,
				E05D95F32827ACF6007F2ACA /* Frameworks */,
				E05D95F42827ACF6007F2ACA /* Resources */,
			);
			buildRules = (
			);
			dependencies = (
				E05D95F82827ACF6007F2ACA /* PBXTargetDependency */,
			);
			name = SlothUITests;
			productName = SlothUITests;
			productReference = E05D95F62827ACF6007F2ACA /* SlothUITests.xctest */;
			productType = "com.apple.product-type.bundle.ui-testing";
		};
/* End PBXNativeTarget section */

/* Begin PBXProject section */
		E05D95CE2827ACF4007F2ACA /* Project object */ = {
			isa = PBXProject;
			attributes = {
				BuildIndependentTargetsInParallel = 1;
				LastSwiftUpdateCheck = 1330;
				LastUpgradeCheck = 1330;
				TargetAttributes = {
					E05D95D52827ACF4007F2ACA = {
						CreatedOnToolsVersion = 13.3;
					};
					E05D95EB2827ACF6007F2ACA = {
						CreatedOnToolsVersion = 13.3;
						TestTargetID = E05D95D52827ACF4007F2ACA;
					};
					E05D95F52827ACF6007F2ACA = {
						CreatedOnToolsVersion = 13.3;
						TestTargetID = E05D95D52827ACF4007F2ACA;
					};
				};
			};
			buildConfigurationList = E05D95D12827ACF4007F2ACA /* Build configuration list for PBXProject "Sloth" */;
			compatibilityVersion = "Xcode 13.0";
			developmentRegion = en;
			hasScannedForEncodings = 0;
			knownRegions = (
				en,
				Base,
			);
			mainGroup = E05D95CD2827ACF4007F2ACA;
			packageReferences = (
				E05D962C2827CEC1007F2ACA /* XCRemoteSwiftPackageReference "SnapKit" */,
				E086095A2838BF4B0050E7C6 /* XCRemoteSwiftPackageReference "kakao-ios-sdk" */,
				E08609612838BFBB0050E7C6 /* XCRemoteSwiftPackageReference "GoogleSignIn-iOS" */,
			);
			productRefGroup = E05D95D72827ACF4007F2ACA /* Products */;
			projectDirPath = "";
			projectRoot = "";
			targets = (
				E05D95D52827ACF4007F2ACA /* Sloth */,
				E05D95EB2827ACF6007F2ACA /* SlothTests */,
				E05D95F52827ACF6007F2ACA /* SlothUITests */,
			);
		};
/* End PBXProject section */

/* Begin PBXResourcesBuildPhase section */
		E05D95D42827ACF4007F2ACA /* Resources */ = {
			isa = PBXResourcesBuildPhase;
			buildActionMask = 2147483647;
			files = (
				E05D95E62827ACF5007F2ACA /* LaunchScreen.storyboard in Resources */,
				E05D95E32827ACF5007F2ACA /* Assets.xcassets in Resources */,
				E05D95E12827ACF4007F2ACA /* Main.storyboard in Resources */,
			);
			runOnlyForDeploymentPostprocessing = 0;
		};
		E05D95EA2827ACF6007F2ACA /* Resources */ = {
			isa = PBXResourcesBuildPhase;
			buildActionMask = 2147483647;
			files = (
			);
			runOnlyForDeploymentPostprocessing = 0;
		};
		E05D95F42827ACF6007F2ACA /* Resources */ = {
			isa = PBXResourcesBuildPhase;
			buildActionMask = 2147483647;
			files = (
			);
			runOnlyForDeploymentPostprocessing = 0;
		};
/* End PBXResourcesBuildPhase section */

/* Begin PBXSourcesBuildPhase section */
		E05D95D22827ACF4007F2ACA /* Sources */ = {
			isa = PBXSourcesBuildPhase;
			buildActionMask = 2147483647;
			files = (
				CE00DA6828805F1D0056A1CB /* LectureInformationRegisterViewController.swift in Sources */,
				CE00DA6928805F1D0056A1CB /* LectureInformationRegisterViewModel.swift in Sources */,
				CE00DA6A28805F1D0056A1CB /* LectureInfomationRegisterCoordinator.swift in Sources */,
				CE5CE0DB282EBD7F00C70EAF /* TodayService.swift in Sources */,
				E05D96222827CAC1007F2ACA /* InitNavRouter.swift in Sources */,
				CE5CE0DD282EBFF900C70EAF /* TodayView.swift in Sources */,
				E05D96162827CA58007F2ACA /* Router.swift in Sources */,
				E086092328310FDF0050E7C6 /* TitleInput.swift in Sources */,
				E02033A7287AAFDB00ED01DA /* InformationAgreementCoordinator.swift in Sources */,
				CE61D51C2879D79800CDEEC7 /* LessonInformationView.swift in Sources */,
				E05D96302827D006007F2ACA /* TodayViewNavigatorDelegate.swift in Sources */,
				E02033A5287AAF3200ED01DA /* LoginNavigator.swift in Sources */,
				E086091F28310FBF0050E7C6 /* TitleActionField.swift in Sources */,
				E020339E287A8DE400ED01DA /* StartNavigator.swift in Sources */,
				E02033A9287AE3D500ED01DA /* InformationAgreementNavigator.swift in Sources */,
				E086093A28389DDA0050E7C6 /* EndpointType.swift in Sources */,
				E05D960D2827B5CC007F2ACA /* ColorPalette.swift in Sources */,
				E086093E28389E470050E7C6 /* EndpointProvider.swift in Sources */,
				E02033B5287B1F4500ED01DA /* LectureGoalRegisterCoordinator.swift in Sources */,
				E08609572838BE9E0050E7C6 /* GoogleSessionService.swift in Sources */,
				E05D95DE2827ACF4007F2ACA /* MainViewController.swift in Sources */,
				E05D96322827D057007F2ACA /* MainViewNavigator.swift in Sources */,
				E086094328389F350050E7C6 /* LoginRequest.swift in Sources */,
				E08609182830AE180050E7C6 /* LectureCategory.swift in Sources */,
				E086093828389DC80050E7C6 /* Endpoint.swift in Sources */,
				E02033A0287A8EF300ED01DA /* PopOverRouter.swift in Sources */,
				E086094128389E7F0050E7C6 /* Requestable.swift in Sources */,
				E0860913282D4C8C0050E7C6 /* CancelButton.swift in Sources */,
				E0860911282D4A070050E7C6 /* ConfirmButton.swift in Sources */,
				E05D95DA2827ACF4007F2ACA /* AppDelegate.swift in Sources */,
				E02033AB287AFDDE00ED01DA /* UIViewController+Extension.swift in Sources */,
				E08609522838AA700050E7C6 /* LoginViewModel.swift in Sources */,
				E02033B7287B1F5900ED01DA /* LectureGoalRegisterNavigator.swift in Sources */,
				E05D95DC2827ACF4007F2ACA /* SceneDelegate.swift in Sources */,
				CE5CE0D8282EBCB500C70EAF /* TodayViewModel.swift in Sources */,
				E05D96242827CB4A007F2ACA /* MainViewCoordinator.swift in Sources */,
				E02033C0288BC7FA00ED01DA /* LectureListCoordinator.swift in Sources */,
				E02033A3287AAB2000ED01DA /* InformationAgreementViewController.swift in Sources */,
				CE5CE0E0282EC19A00C70EAF /* TodayLessonCollectionCell.swift in Sources */,
				E05D96362827D234007F2ACA /* MyPageCoordinator.swift in Sources */,
				E02033C2288BCF7200ED01DA /* LectureListNavigator.swift in Sources */,
				E086093628389DBE0050E7C6 /* RequestMaker.swift in Sources */,
				E05D96102827CA07007F2ACA /* DependencyContainer.swift in Sources */,
				E02033B9287B202700ED01DA /* LectureInformationRegisterNavigator.swift in Sources */,
				E05D96342827D20F007F2ACA /* MyPageViewController.swift in Sources */,
				E02033BE288BC77800ED01DA /* LectureListViewController.swift in Sources */,
				E08609652838C22A0050E7C6 /* LoginCoordinator.swift in Sources */,
				E02033AD287B008300ED01DA /* UIAlertController+Extension.swift in Sources */,
				CE5324B62874781D00E3FEBA /* TodayLessonHeaderCell.swift in Sources */,
				E05D962B2827CE0A007F2ACA /* TodayViewController.swift in Sources */,
				E086092128310FD00050E7C6 /* TitleTextField.swift in Sources */,
				E086093C28389DFA0050E7C6 /* AccountRequestMaker.swift in Sources */,
				E08609492838A17F0050E7C6 /* URLProvider.swift in Sources */,
				CE5CE0E42830A9FB00C70EAF /* ActivityIndicatorView.swift in Sources */,
				CE5CE0D6282EBBD900C70EAF /* Lesson.swift in Sources */,
				E08609592838BEB30050E7C6 /* KakaoSessionManager.swift in Sources */,
				CE61D51A2879994400CDEEC7 /* PaddingLabel.swift in Sources */,
				E05D960B2827B1BC007F2ACA /* Icons.swift in Sources */,
				E05D96132827CA4B007F2ACA /* Coordinator.swift in Sources */,
				E086094B2838A1A40050E7C6 /* LogoutRequest.swift in Sources */,
				E08609472838A1570050E7C6 /* HTTPMethod.swift in Sources */,
				E086091A2830AE940050E7C6 /* LectureSite.swift in Sources */,
				E08609502838AA590050E7C6 /* LoginViewController.swift in Sources */,
				E02033B1287B1B3D00ED01DA /* LectureGoalRegisterViewController.swift in Sources */,
				E086092C2837E9630050E7C6 /* LoginService.swift in Sources */,
				E020339C287A8C0200ED01DA /* UIStackView+Extension.swift in Sources */,
				E086092928368E500050E7C6 /* NetworkManager.swift in Sources */,
				CE0E25712882C21300188AD5 /* TodayLessonSectionHeaderCell.swift in Sources */,
				E0203399287A7AD300ED01DA /* StartCoordinator.swift in Sources */,
				E086092628368B420050E7C6 /* StartViewController.swift in Sources */,
				E08609552838BE7C0050E7C6 /* AppleSessionManager.swift in Sources */,
				E05D96202827CAC1007F2ACA /* NavigationRouter.swift in Sources */,
			);
			runOnlyForDeploymentPostprocessing = 0;
		};
		E05D95E82827ACF6007F2ACA /* Sources */ = {
			isa = PBXSourcesBuildPhase;
			buildActionMask = 2147483647;
			files = (
				E05D95F12827ACF6007F2ACA /* SlothTests.swift in Sources */,
			);
			runOnlyForDeploymentPostprocessing = 0;
		};
		E05D95F22827ACF6007F2ACA /* Sources */ = {
			isa = PBXSourcesBuildPhase;
			buildActionMask = 2147483647;
			files = (
			);
			runOnlyForDeploymentPostprocessing = 0;
		};
/* End PBXSourcesBuildPhase section */

/* Begin PBXTargetDependency section */
		E05D95EE2827ACF6007F2ACA /* PBXTargetDependency */ = {
			isa = PBXTargetDependency;
			target = E05D95D52827ACF4007F2ACA /* Sloth */;
			targetProxy = E05D95ED2827ACF6007F2ACA /* PBXContainerItemProxy */;
		};
		E05D95F82827ACF6007F2ACA /* PBXTargetDependency */ = {
			isa = PBXTargetDependency;
			target = E05D95D52827ACF4007F2ACA /* Sloth */;
			targetProxy = E05D95F72827ACF6007F2ACA /* PBXContainerItemProxy */;
		};
/* End PBXTargetDependency section */

/* Begin PBXVariantGroup section */
		E05D95DF2827ACF4007F2ACA /* Main.storyboard */ = {
			isa = PBXVariantGroup;
			children = (
				E05D95E02827ACF4007F2ACA /* Base */,
			);
			name = Main.storyboard;
			sourceTree = "<group>";
		};
		E05D95E42827ACF5007F2ACA /* LaunchScreen.storyboard */ = {
			isa = PBXVariantGroup;
			children = (
				E05D95E52827ACF5007F2ACA /* Base */,
			);
			name = LaunchScreen.storyboard;
			sourceTree = "<group>";
		};
/* End PBXVariantGroup section */

/* Begin XCBuildConfiguration section */
		E05D95FE2827ACF6007F2ACA /* Debug */ = {
			isa = XCBuildConfiguration;
			buildSettings = {
				ALWAYS_SEARCH_USER_PATHS = NO;
				CLANG_ANALYZER_NONNULL = YES;
				CLANG_ANALYZER_NUMBER_OBJECT_CONVERSION = YES_AGGRESSIVE;
				CLANG_CXX_LANGUAGE_STANDARD = "gnu++17";
				CLANG_ENABLE_MODULES = YES;
				CLANG_ENABLE_OBJC_ARC = YES;
				CLANG_ENABLE_OBJC_WEAK = YES;
				CLANG_WARN_BLOCK_CAPTURE_AUTORELEASING = YES;
				CLANG_WARN_BOOL_CONVERSION = YES;
				CLANG_WARN_COMMA = YES;
				CLANG_WARN_CONSTANT_CONVERSION = YES;
				CLANG_WARN_DEPRECATED_OBJC_IMPLEMENTATIONS = YES;
				CLANG_WARN_DIRECT_OBJC_ISA_USAGE = YES_ERROR;
				CLANG_WARN_DOCUMENTATION_COMMENTS = YES;
				CLANG_WARN_EMPTY_BODY = YES;
				CLANG_WARN_ENUM_CONVERSION = YES;
				CLANG_WARN_INFINITE_RECURSION = YES;
				CLANG_WARN_INT_CONVERSION = YES;
				CLANG_WARN_NON_LITERAL_NULL_CONVERSION = YES;
				CLANG_WARN_OBJC_IMPLICIT_RETAIN_SELF = YES;
				CLANG_WARN_OBJC_LITERAL_CONVERSION = YES;
				CLANG_WARN_OBJC_ROOT_CLASS = YES_ERROR;
				CLANG_WARN_QUOTED_INCLUDE_IN_FRAMEWORK_HEADER = YES;
				CLANG_WARN_RANGE_LOOP_ANALYSIS = YES;
				CLANG_WARN_STRICT_PROTOTYPES = YES;
				CLANG_WARN_SUSPICIOUS_MOVE = YES;
				CLANG_WARN_UNGUARDED_AVAILABILITY = YES_AGGRESSIVE;
				CLANG_WARN_UNREACHABLE_CODE = YES;
				CLANG_WARN__DUPLICATE_METHOD_MATCH = YES;
				COPY_PHASE_STRIP = NO;
				DEBUG_INFORMATION_FORMAT = dwarf;
				ENABLE_STRICT_OBJC_MSGSEND = YES;
				ENABLE_TESTABILITY = YES;
				GCC_C_LANGUAGE_STANDARD = gnu11;
				GCC_DYNAMIC_NO_PIC = NO;
				GCC_NO_COMMON_BLOCKS = YES;
				GCC_OPTIMIZATION_LEVEL = 0;
				GCC_PREPROCESSOR_DEFINITIONS = (
					"DEBUG=1",
					"$(inherited)",
				);
				GCC_WARN_64_TO_32_BIT_CONVERSION = YES;
				GCC_WARN_ABOUT_RETURN_TYPE = YES_ERROR;
				GCC_WARN_UNDECLARED_SELECTOR = YES;
				GCC_WARN_UNINITIALIZED_AUTOS = YES_AGGRESSIVE;
				GCC_WARN_UNUSED_FUNCTION = YES;
				GCC_WARN_UNUSED_VARIABLE = YES;
				IPHONEOS_DEPLOYMENT_TARGET = 15.4;
				MTL_ENABLE_DEBUG_INFO = INCLUDE_SOURCE;
				MTL_FAST_MATH = YES;
				ONLY_ACTIVE_ARCH = YES;
				SDKROOT = iphoneos;
				SWIFT_ACTIVE_COMPILATION_CONDITIONS = DEBUG;
				SWIFT_OPTIMIZATION_LEVEL = "-Onone";
			};
			name = Debug;
		};
		E05D95FF2827ACF6007F2ACA /* Release */ = {
			isa = XCBuildConfiguration;
			buildSettings = {
				ALWAYS_SEARCH_USER_PATHS = NO;
				CLANG_ANALYZER_NONNULL = YES;
				CLANG_ANALYZER_NUMBER_OBJECT_CONVERSION = YES_AGGRESSIVE;
				CLANG_CXX_LANGUAGE_STANDARD = "gnu++17";
				CLANG_ENABLE_MODULES = YES;
				CLANG_ENABLE_OBJC_ARC = YES;
				CLANG_ENABLE_OBJC_WEAK = YES;
				CLANG_WARN_BLOCK_CAPTURE_AUTORELEASING = YES;
				CLANG_WARN_BOOL_CONVERSION = YES;
				CLANG_WARN_COMMA = YES;
				CLANG_WARN_CONSTANT_CONVERSION = YES;
				CLANG_WARN_DEPRECATED_OBJC_IMPLEMENTATIONS = YES;
				CLANG_WARN_DIRECT_OBJC_ISA_USAGE = YES_ERROR;
				CLANG_WARN_DOCUMENTATION_COMMENTS = YES;
				CLANG_WARN_EMPTY_BODY = YES;
				CLANG_WARN_ENUM_CONVERSION = YES;
				CLANG_WARN_INFINITE_RECURSION = YES;
				CLANG_WARN_INT_CONVERSION = YES;
				CLANG_WARN_NON_LITERAL_NULL_CONVERSION = YES;
				CLANG_WARN_OBJC_IMPLICIT_RETAIN_SELF = YES;
				CLANG_WARN_OBJC_LITERAL_CONVERSION = YES;
				CLANG_WARN_OBJC_ROOT_CLASS = YES_ERROR;
				CLANG_WARN_QUOTED_INCLUDE_IN_FRAMEWORK_HEADER = YES;
				CLANG_WARN_RANGE_LOOP_ANALYSIS = YES;
				CLANG_WARN_STRICT_PROTOTYPES = YES;
				CLANG_WARN_SUSPICIOUS_MOVE = YES;
				CLANG_WARN_UNGUARDED_AVAILABILITY = YES_AGGRESSIVE;
				CLANG_WARN_UNREACHABLE_CODE = YES;
				CLANG_WARN__DUPLICATE_METHOD_MATCH = YES;
				COPY_PHASE_STRIP = NO;
				DEBUG_INFORMATION_FORMAT = "dwarf-with-dsym";
				ENABLE_NS_ASSERTIONS = NO;
				ENABLE_STRICT_OBJC_MSGSEND = YES;
				GCC_C_LANGUAGE_STANDARD = gnu11;
				GCC_NO_COMMON_BLOCKS = YES;
				GCC_WARN_64_TO_32_BIT_CONVERSION = YES;
				GCC_WARN_ABOUT_RETURN_TYPE = YES_ERROR;
				GCC_WARN_UNDECLARED_SELECTOR = YES;
				GCC_WARN_UNINITIALIZED_AUTOS = YES_AGGRESSIVE;
				GCC_WARN_UNUSED_FUNCTION = YES;
				GCC_WARN_UNUSED_VARIABLE = YES;
				IPHONEOS_DEPLOYMENT_TARGET = 15.4;
				MTL_ENABLE_DEBUG_INFO = NO;
				MTL_FAST_MATH = YES;
				SDKROOT = iphoneos;
				SWIFT_COMPILATION_MODE = wholemodule;
				SWIFT_OPTIMIZATION_LEVEL = "-O";
				VALIDATE_PRODUCT = YES;
			};
			name = Release;
		};
		E05D96012827ACF6007F2ACA /* Debug */ = {
			isa = XCBuildConfiguration;
			buildSettings = {
				ASSETCATALOG_COMPILER_APPICON_NAME = AppIcon;
				ASSETCATALOG_COMPILER_GLOBAL_ACCENT_COLOR_NAME = AccentColor;
				CODE_SIGN_ENTITLEMENTS = Sloth/Sloth.entitlements;
				CODE_SIGN_IDENTITY = "Apple Development";
				CODE_SIGN_STYLE = Automatic;
				CURRENT_PROJECT_VERSION = 1;
				DEVELOPMENT_TEAM = 6VQP8QD69R;
				GENERATE_INFOPLIST_FILE = YES;
				INFOPLIST_FILE = Sloth/Info.plist;
				INFOPLIST_KEY_UIApplicationSupportsIndirectInputEvents = YES;
				INFOPLIST_KEY_UILaunchStoryboardName = LaunchScreen;
				INFOPLIST_KEY_UIMainStoryboardFile = Main;
				INFOPLIST_KEY_UISupportedInterfaceOrientations_iPad = "UIInterfaceOrientationPortrait UIInterfaceOrientationPortraitUpsideDown UIInterfaceOrientationLandscapeLeft UIInterfaceOrientationLandscapeRight";
				INFOPLIST_KEY_UISupportedInterfaceOrientations_iPhone = "UIInterfaceOrientationPortrait UIInterfaceOrientationLandscapeLeft UIInterfaceOrientationLandscapeRight";
				LD_RUNPATH_SEARCH_PATHS = (
					"$(inherited)",
					"@executable_path/Frameworks",
				);
				MARKETING_VERSION = 1.0;
				PRODUCT_BUNDLE_IDENTIFIER = com.sloth.nanagong;
				PRODUCT_NAME = "$(TARGET_NAME)";
				PROVISIONING_PROFILE_SPECIFIER = "";
				SWIFT_EMIT_LOC_STRINGS = YES;
				SWIFT_VERSION = 5.0;
				TARGETED_DEVICE_FAMILY = "1,2";
			};
			name = Debug;
		};
		E05D96022827ACF6007F2ACA /* Release */ = {
			isa = XCBuildConfiguration;
			buildSettings = {
				ASSETCATALOG_COMPILER_APPICON_NAME = AppIcon;
				ASSETCATALOG_COMPILER_GLOBAL_ACCENT_COLOR_NAME = AccentColor;
				CODE_SIGN_ENTITLEMENTS = Sloth/Sloth.entitlements;
				CODE_SIGN_IDENTITY = "Apple Development";
				CODE_SIGN_STYLE = Automatic;
				CURRENT_PROJECT_VERSION = 1;
				DEVELOPMENT_TEAM = 6VQP8QD69R;
				GENERATE_INFOPLIST_FILE = YES;
				INFOPLIST_FILE = Sloth/Info.plist;
				INFOPLIST_KEY_UIApplicationSupportsIndirectInputEvents = YES;
				INFOPLIST_KEY_UILaunchStoryboardName = LaunchScreen;
				INFOPLIST_KEY_UIMainStoryboardFile = Main;
				INFOPLIST_KEY_UISupportedInterfaceOrientations_iPad = "UIInterfaceOrientationPortrait UIInterfaceOrientationPortraitUpsideDown UIInterfaceOrientationLandscapeLeft UIInterfaceOrientationLandscapeRight";
				INFOPLIST_KEY_UISupportedInterfaceOrientations_iPhone = "UIInterfaceOrientationPortrait UIInterfaceOrientationLandscapeLeft UIInterfaceOrientationLandscapeRight";
				LD_RUNPATH_SEARCH_PATHS = (
					"$(inherited)",
					"@executable_path/Frameworks",
				);
				MARKETING_VERSION = 1.0;
				PRODUCT_BUNDLE_IDENTIFIER = com.sloth.nanagong;
				PRODUCT_NAME = "$(TARGET_NAME)";
				PROVISIONING_PROFILE_SPECIFIER = "";
				SWIFT_EMIT_LOC_STRINGS = YES;
				SWIFT_VERSION = 5.0;
				TARGETED_DEVICE_FAMILY = "1,2";
			};
			name = Release;
		};
		E05D96042827ACF6007F2ACA /* Debug */ = {
			isa = XCBuildConfiguration;
			buildSettings = {
				ALWAYS_EMBED_SWIFT_STANDARD_LIBRARIES = YES;
				BUNDLE_LOADER = "$(TEST_HOST)";
				CODE_SIGN_STYLE = Automatic;
				CURRENT_PROJECT_VERSION = 1;
				DEVELOPMENT_TEAM = 6VQP8QD69R;
				GENERATE_INFOPLIST_FILE = YES;
				IPHONEOS_DEPLOYMENT_TARGET = 15.4;
				MARKETING_VERSION = 1.0;
				PRODUCT_BUNDLE_IDENTIFIER = com.banidoori.SlothTests;
				PRODUCT_NAME = "$(TARGET_NAME)";
				SWIFT_EMIT_LOC_STRINGS = NO;
				SWIFT_VERSION = 5.0;
				TARGETED_DEVICE_FAMILY = "1,2";
				TEST_HOST = "$(BUILT_PRODUCTS_DIR)/Sloth.app/Sloth";
			};
			name = Debug;
		};
		E05D96052827ACF6007F2ACA /* Release */ = {
			isa = XCBuildConfiguration;
			buildSettings = {
				ALWAYS_EMBED_SWIFT_STANDARD_LIBRARIES = YES;
				BUNDLE_LOADER = "$(TEST_HOST)";
				CODE_SIGN_STYLE = Automatic;
				CURRENT_PROJECT_VERSION = 1;
				DEVELOPMENT_TEAM = 6VQP8QD69R;
				GENERATE_INFOPLIST_FILE = YES;
				IPHONEOS_DEPLOYMENT_TARGET = 15.4;
				MARKETING_VERSION = 1.0;
				PRODUCT_BUNDLE_IDENTIFIER = com.banidoori.SlothTests;
				PRODUCT_NAME = "$(TARGET_NAME)";
				SWIFT_EMIT_LOC_STRINGS = NO;
				SWIFT_VERSION = 5.0;
				TARGETED_DEVICE_FAMILY = "1,2";
				TEST_HOST = "$(BUILT_PRODUCTS_DIR)/Sloth.app/Sloth";
			};
			name = Release;
		};
		E05D96072827ACF6007F2ACA /* Debug */ = {
			isa = XCBuildConfiguration;
			buildSettings = {
				ALWAYS_EMBED_SWIFT_STANDARD_LIBRARIES = YES;
				CODE_SIGN_STYLE = Automatic;
				CURRENT_PROJECT_VERSION = 1;
				DEVELOPMENT_TEAM = 6VQP8QD69R;
				GENERATE_INFOPLIST_FILE = YES;
				MARKETING_VERSION = 1.0;
				PRODUCT_BUNDLE_IDENTIFIER = com.banidoori.SlothUITests;
				PRODUCT_NAME = "$(TARGET_NAME)";
				SWIFT_EMIT_LOC_STRINGS = NO;
				SWIFT_VERSION = 5.0;
				TARGETED_DEVICE_FAMILY = "1,2";
				TEST_TARGET_NAME = Sloth;
			};
			name = Debug;
		};
		E05D96082827ACF6007F2ACA /* Release */ = {
			isa = XCBuildConfiguration;
			buildSettings = {
				ALWAYS_EMBED_SWIFT_STANDARD_LIBRARIES = YES;
				CODE_SIGN_STYLE = Automatic;
				CURRENT_PROJECT_VERSION = 1;
				DEVELOPMENT_TEAM = 6VQP8QD69R;
				GENERATE_INFOPLIST_FILE = YES;
				MARKETING_VERSION = 1.0;
				PRODUCT_BUNDLE_IDENTIFIER = com.banidoori.SlothUITests;
				PRODUCT_NAME = "$(TARGET_NAME)";
				SWIFT_EMIT_LOC_STRINGS = NO;
				SWIFT_VERSION = 5.0;
				TARGETED_DEVICE_FAMILY = "1,2";
				TEST_TARGET_NAME = Sloth;
			};
			name = Release;
		};
/* End XCBuildConfiguration section */

/* Begin XCConfigurationList section */
		E05D95D12827ACF4007F2ACA /* Build configuration list for PBXProject "Sloth" */ = {
			isa = XCConfigurationList;
			buildConfigurations = (
				E05D95FE2827ACF6007F2ACA /* Debug */,
				E05D95FF2827ACF6007F2ACA /* Release */,
			);
			defaultConfigurationIsVisible = 0;
			defaultConfigurationName = Release;
		};
		E05D96002827ACF6007F2ACA /* Build configuration list for PBXNativeTarget "Sloth" */ = {
			isa = XCConfigurationList;
			buildConfigurations = (
				E05D96012827ACF6007F2ACA /* Debug */,
				E05D96022827ACF6007F2ACA /* Release */,
			);
			defaultConfigurationIsVisible = 0;
			defaultConfigurationName = Release;
		};
		E05D96032827ACF6007F2ACA /* Build configuration list for PBXNativeTarget "SlothTests" */ = {
			isa = XCConfigurationList;
			buildConfigurations = (
				E05D96042827ACF6007F2ACA /* Debug */,
				E05D96052827ACF6007F2ACA /* Release */,
			);
			defaultConfigurationIsVisible = 0;
			defaultConfigurationName = Release;
		};
		E05D96062827ACF6007F2ACA /* Build configuration list for PBXNativeTarget "SlothUITests" */ = {
			isa = XCConfigurationList;
			buildConfigurations = (
				E05D96072827ACF6007F2ACA /* Debug */,
				E05D96082827ACF6007F2ACA /* Release */,
			);
			defaultConfigurationIsVisible = 0;
			defaultConfigurationName = Release;
		};
/* End XCConfigurationList section */

/* Begin XCRemoteSwiftPackageReference section */
		E05D962C2827CEC1007F2ACA /* XCRemoteSwiftPackageReference "SnapKit" */ = {
			isa = XCRemoteSwiftPackageReference;
			repositoryURL = "https://github.com/SnapKit/SnapKit.git";
			requirement = {
				kind = upToNextMajorVersion;
				minimumVersion = 5.0.0;
			};
		};
		E086095A2838BF4B0050E7C6 /* XCRemoteSwiftPackageReference "kakao-ios-sdk" */ = {
			isa = XCRemoteSwiftPackageReference;
			repositoryURL = "https://github.com/kakao/kakao-ios-sdk";
			requirement = {
				branch = master;
				kind = branch;
			};
		};
		E08609612838BFBB0050E7C6 /* XCRemoteSwiftPackageReference "GoogleSignIn-iOS" */ = {
			isa = XCRemoteSwiftPackageReference;
			repositoryURL = "https://github.com/google/GoogleSignIn-iOS";
			requirement = {
				kind = upToNextMajorVersion;
				minimumVersion = 6.0.0;
			};
		};
/* End XCRemoteSwiftPackageReference section */

/* Begin XCSwiftPackageProductDependency section */
		E05D962D2827CEC1007F2ACA /* SnapKit */ = {
			isa = XCSwiftPackageProductDependency;
			package = E05D962C2827CEC1007F2ACA /* XCRemoteSwiftPackageReference "SnapKit" */;
			productName = SnapKit;
		};
		E086095B2838BF4B0050E7C6 /* KakaoSDKAuth */ = {
			isa = XCSwiftPackageProductDependency;
			package = E086095A2838BF4B0050E7C6 /* XCRemoteSwiftPackageReference "kakao-ios-sdk" */;
			productName = KakaoSDKAuth;
		};
		E086095D2838BF4B0050E7C6 /* KakaoSDKCommon */ = {
			isa = XCSwiftPackageProductDependency;
			package = E086095A2838BF4B0050E7C6 /* XCRemoteSwiftPackageReference "kakao-ios-sdk" */;
			productName = KakaoSDKCommon;
		};
		E086095F2838BF4B0050E7C6 /* KakaoSDKUser */ = {
			isa = XCSwiftPackageProductDependency;
			package = E086095A2838BF4B0050E7C6 /* XCRemoteSwiftPackageReference "kakao-ios-sdk" */;
			productName = KakaoSDKUser;
		};
		E08609622838BFBB0050E7C6 /* GoogleSignIn */ = {
			isa = XCSwiftPackageProductDependency;
			package = E08609612838BFBB0050E7C6 /* XCRemoteSwiftPackageReference "GoogleSignIn-iOS" */;
			productName = GoogleSignIn;
		};
/* End XCSwiftPackageProductDependency section */
	};
	rootObject = E05D95CE2827ACF4007F2ACA /* Project object */;
}
